<?xml version="1.0" encoding="utf-8"?>
<Project ToolsVersion="4.0" xmlns="http://schemas.microsoft.com/developer/msbuild/2003">
  <ItemGroup>
    <Filter Include="Resource Files">
      <UniqueIdentifier>{67DA6AB6-F800-4c08-8B7A-83BB121AAD01}</UniqueIdentifier>
      <Extensions>rc;ico;cur;bmp;dlg;rc2;rct;bin;rgs;gif;jpg;jpeg;jpe;resx;tiff;tif;png;wav;mfcribbon-ms</Extensions>
    </Filter>
    <Filter Include="src">
      <UniqueIdentifier>{c77a5f77-8ef0-4fc6-86e6-8813c5008c25}</UniqueIdentifier>
    </Filter>
    <Filter Include="src\engine">
      <UniqueIdentifier>{6a5395c1-7482-4b63-9263-60313aa6c125}</UniqueIdentifier>
    </Filter>
    <Filter Include="src\engine\core">
      <UniqueIdentifier>{ddf64243-ce27-43bd-b031-a98d9b74f261}</UniqueIdentifier>
    </Filter>
    <Filter Include="src\engine\core\util">
      <UniqueIdentifier>{499fcdba-3829-426d-84b6-ea97edfa08c1}</UniqueIdentifier>
    </Filter>
    <Filter Include="src\engine\db">
      <UniqueIdentifier>{2e3d6844-5f6e-48ac-a041-240e4b31ee18}</UniqueIdentifier>
    </Filter>
    <Filter Include="src\engine\db\berkeley">
      <UniqueIdentifier>{89761086-7324-4f76-9762-967586740c1c}</UniqueIdentifier>
    </Filter>
    <Filter Include="src\engine\db\mysql">
      <UniqueIdentifier>{5b78bd17-a865-4062-ae1a-aaa4b8c97db7}</UniqueIdentifier>
    </Filter>
    <Filter Include="src\engine\dbo">
      <UniqueIdentifier>{71c16112-35de-4fd3-8513-b9df1a370733}</UniqueIdentifier>
    </Filter>
    <Filter Include="src\engine\log">
      <UniqueIdentifier>{2ac460bb-fa65-4a13-b962-8b3fe8c5ff63}</UniqueIdentifier>
    </Filter>
    <Filter Include="src\engine\lua">
      <UniqueIdentifier>{f59cb669-9835-49c5-a087-0851a80fb31e}</UniqueIdentifier>
    </Filter>
    <Filter Include="src\engine\util">
      <UniqueIdentifier>{31f3681c-e4c2-4d29-a627-0ba16f7e2d9f}</UniqueIdentifier>
    </Filter>
    <Filter Include="src\engine\util\iffstream">
      <UniqueIdentifier>{14646c2b-55d5-4577-804d-197a63e54527}</UniqueIdentifier>
    </Filter>
    <Filter Include="src\engine\util\iffstream\chunks">
      <UniqueIdentifier>{0558de75-4ecb-486c-ab08-29c464666b72}</UniqueIdentifier>
    </Filter>
    <Filter Include="src\engine\util\iffstream\chunks\data">
      <UniqueIdentifier>{a2af09d4-a941-433a-bbe7-883dae21bb62}</UniqueIdentifier>
    </Filter>
    <Filter Include="src\engine\util\iffstream\chunks\form">
      <UniqueIdentifier>{6e9c9b50-6968-4546-8eab-13ddf67f3314}</UniqueIdentifier>
    </Filter>
    <Filter Include="src\engine\util\iffstream\exceptions">
      <UniqueIdentifier>{867d8329-8fc9-4325-9204-c0ca41c1d47d}</UniqueIdentifier>
    </Filter>
    <Filter Include="src\engine\util\lru">
      <UniqueIdentifier>{db173bf3-1991-4be5-a5ae-bec57ff701bd}</UniqueIdentifier>
    </Filter>
    <Filter Include="src\engine\util\u3d">
      <UniqueIdentifier>{6dce21c4-2ccd-421f-a55d-f8a16316d496}</UniqueIdentifier>
    </Filter>
    <Filter Include="src\engine\service">
      <UniqueIdentifier>{dcd8b502-dbfa-44c8-8a8b-fb5a8a3d15c0}</UniqueIdentifier>
    </Filter>
    <Filter Include="src\engine\service\proto">
      <UniqueIdentifier>{17f2f73e-6d50-4684-a1f4-ef7bf6bec865}</UniqueIdentifier>
    </Filter>
    <Filter Include="src\engine\service\proto\events">
      <UniqueIdentifier>{29e25e37-4764-4fed-abfa-b1b064444d1f}</UniqueIdentifier>
    </Filter>
    <Filter Include="src\engine\service\proto\packets">
      <UniqueIdentifier>{01009792-c49e-49a0-8cb3-d1d25a374be8}</UniqueIdentifier>
    </Filter>
    <Filter Include="src\engine\orb">
      <UniqueIdentifier>{8843bf51-d748-4ac0-86e0-dbce00dbdabb}</UniqueIdentifier>
    </Filter>
    <Filter Include="src\engine\orb\control">
      <UniqueIdentifier>{d4abff77-d0ac-447a-b195-74200ee5daf8}</UniqueIdentifier>
    </Filter>
    <Filter Include="src\engine\orb\db">
      <UniqueIdentifier>{1440b989-fcb9-4ae9-9742-e28afcdff3e7}</UniqueIdentifier>
    </Filter>
    <Filter Include="src\engine\orb\messages">
      <UniqueIdentifier>{d624e6b8-5307-49da-8175-8e176e2700c8}</UniqueIdentifier>
    </Filter>
    <Filter Include="src\engine\orb\object">
      <UniqueIdentifier>{2c167968-4974-45a9-a711-8a8713feb715}</UniqueIdentifier>
    </Filter>
    <Filter Include="src\engine\stm">
      <UniqueIdentifier>{08e1dec5-f79c-44d9-b82c-741d7ad995f9}</UniqueIdentifier>
    </Filter>
    <Filter Include="src\engine\stm\algos">
      <UniqueIdentifier>{7acceb9a-2216-4110-ab47-6f0885f79a9c}</UniqueIdentifier>
    </Filter>
    <Filter Include="src\engine\stm\mm">
      <UniqueIdentifier>{638c494a-3211-4767-b579-1e2fb915a3ba}</UniqueIdentifier>
    </Filter>
    <Filter Include="src\engine\stm\orb">
      <UniqueIdentifier>{2d018945-6178-4dbd-be41-70212015b955}</UniqueIdentifier>
    </Filter>
    <Filter Include="src\engine\stm\service">
      <UniqueIdentifier>{76fda2a0-22d5-4a15-8d43-4a067d906a7f}</UniqueIdentifier>
    </Filter>
    <Filter Include="src\engine\stm\task">
      <UniqueIdentifier>{3f3f8927-200e-4859-93c8-66138e569920}</UniqueIdentifier>
    </Filter>
    <Filter Include="src\system">
      <UniqueIdentifier>{0b20a268-2d23-426d-9725-c7c779e032be}</UniqueIdentifier>
    </Filter>
    <Filter Include="src\system\lang">
      <UniqueIdentifier>{e6c235ea-a2a0-41e1-ab4f-31fcf91d13e1}</UniqueIdentifier>
    </Filter>
    <Filter Include="src\system\lang\mersenne">
      <UniqueIdentifier>{a24fd70b-4a08-4f86-bd4c-30c4e90c74b4}</UniqueIdentifier>
    </Filter>
    <Filter Include="src\system\lang\ref">
      <UniqueIdentifier>{8a000c20-4804-4338-895b-dc26c18eda2d}</UniqueIdentifier>
    </Filter>
    <Filter Include="src\system\io">
      <UniqueIdentifier>{c4d71a25-ddb0-481e-8b1f-86dd6806bf92}</UniqueIdentifier>
    </Filter>
    <Filter Include="src\system\mm">
      <UniqueIdentifier>{c2ed9ebd-692d-42f4-9ed9-690eb4d06da9}</UniqueIdentifier>
    </Filter>
    <Filter Include="src\system\util">
      <UniqueIdentifier>{8c90974a-ed13-4c6c-b33d-d0324b03c2a4}</UniqueIdentifier>
    </Filter>
    <Filter Include="src\system\thread">
      <UniqueIdentifier>{45ffddbb-d318-4875-a2e3-8a914c38ef18}</UniqueIdentifier>
    </Filter>
    <Filter Include="src\system\thread\atomic">
      <UniqueIdentifier>{1969300e-0255-42a0-b197-4d8786611114}</UniqueIdentifier>
    </Filter>
    <Filter Include="src\system\net">
      <UniqueIdentifier>{8a2d0a22-f1c0-4e7c-8971-e1e55e39e6fe}</UniqueIdentifier>
    </Filter>
    <Filter Include="src\system\security">
      <UniqueIdentifier>{3ab3b568-1d3f-4964-908d-6b09b9395483}</UniqueIdentifier>
    </Filter>
  </ItemGroup>
  <ItemGroup>
    <ClInclude Include="..\MMOCoreORB\utils\engine3\MMOEngine\src\engine\engine.h">
      <Filter>src\engine</Filter>
    </ClInclude>
    <ClInclude Include="..\MMOCoreORB\utils\engine3\MMOEngine\src\system\lang.h">
      <Filter>src\system</Filter>
    </ClInclude>
    <ClInclude Include="..\MMOCoreORB\utils\engine3\MMOEngine\src\system\platform.h">
      <Filter>src\system</Filter>
    </ClInclude>
    <ClInclude Include="..\MMOCoreORB\utils\engine3\MMOEngine\src\system\lang\ArrayIndexOutOfBoundsException.h">
      <Filter>src\system\lang</Filter>
    </ClInclude>
    <ClInclude Include="..\MMOCoreORB\utils\engine3\MMOEngine\src\system\lang\BaseTypeVariable.h">
      <Filter>src\system\lang</Filter>
    </ClInclude>
    <ClInclude Include="..\MMOCoreORB\utils\engine3\MMOEngine\src\system\lang\Bool.h">
      <Filter>src\system\lang</Filter>
    </ClInclude>
    <ClInclude Include="..\MMOCoreORB\utils\engine3\MMOEngine\src\system\lang\Byte.h">
      <Filter>src\system\lang</Filter>
    </ClInclude>
    <ClInclude Include="..\MMOCoreORB\utils\engine3\MMOEngine\src\system\lang\Character.h">
      <Filter>src\system\lang</Filter>
    </ClInclude>
    <ClInclude Include="..\MMOCoreORB\utils\engine3\MMOEngine\src\system\lang\ConstString.h">
      <Filter>src\system\lang</Filter>
    </ClInclude>
    <ClInclude Include="..\MMOCoreORB\utils\engine3\MMOEngine\src\system\lang\DivisionByZeroException.h">
      <Filter>src\system\lang</Filter>
    </ClInclude>
    <ClInclude Include="..\MMOCoreORB\utils\engine3\MMOEngine\src\system\lang\Double.h">
      <Filter>src\system\lang</Filter>
    </ClInclude>
    <ClInclude Include="..\MMOCoreORB\utils\engine3\MMOEngine\src\system\lang\Exception.h">
      <Filter>src\system\lang</Filter>
    </ClInclude>
    <ClInclude Include="..\MMOCoreORB\utils\engine3\MMOEngine\src\system\lang\Float.h">
      <Filter>src\system\lang</Filter>
    </ClInclude>
    <ClInclude Include="..\MMOCoreORB\utils\engine3\MMOEngine\src\system\lang\Function.h">
      <Filter>src\system\lang</Filter>
    </ClInclude>
    <ClInclude Include="..\MMOCoreORB\utils\engine3\MMOEngine\src\system\lang\IllegalArgumentException.h">
      <Filter>src\system\lang</Filter>
    </ClInclude>
    <ClInclude Include="..\MMOCoreORB\utils\engine3\MMOEngine\src\system\lang\IllegalStateException.h">
      <Filter>src\system\lang</Filter>
    </ClInclude>
    <ClInclude Include="..\MMOCoreORB\utils\engine3\MMOEngine\src\system\lang\Integer.h">
      <Filter>src\system\lang</Filter>
    </ClInclude>
    <ClInclude Include="..\MMOCoreORB\utils\engine3\MMOEngine\src\system\lang\Long.h">
      <Filter>src\system\lang</Filter>
    </ClInclude>
    <ClInclude Include="..\MMOCoreORB\utils\engine3\MMOEngine\src\system\lang\Math.h">
      <Filter>src\system\lang</Filter>
    </ClInclude>
    <ClInclude Include="..\MMOCoreORB\utils\engine3\MMOEngine\src\system\lang\NumberFormatException.h">
      <Filter>src\system\lang</Filter>
    </ClInclude>
    <ClInclude Include="..\MMOCoreORB\utils\engine3\MMOEngine\src\system\lang\Object.h">
      <Filter>src\system\lang</Filter>
    </ClInclude>
    <ClInclude Include="..\MMOCoreORB\utils\engine3\MMOEngine\src\system\lang\OutOfMemoryError.h">
      <Filter>src\system\lang</Filter>
    </ClInclude>
    <ClInclude Include="..\MMOCoreORB\utils\engine3\MMOEngine\src\system\lang\Pair.h">
      <Filter>src\system\lang</Filter>
    </ClInclude>
    <ClInclude Include="..\MMOCoreORB\utils\engine3\MMOEngine\src\system\lang\Runnable.h">
      <Filter>src\system\lang</Filter>
    </ClInclude>
    <ClInclude Include="..\MMOCoreORB\utils\engine3\MMOEngine\src\system\lang\Short.h">
      <Filter>src\system\lang</Filter>
    </ClInclude>
    <ClInclude Include="..\MMOCoreORB\utils\engine3\MMOEngine\src\system\lang\SignalException.h">
      <Filter>src\system\lang</Filter>
    </ClInclude>
    <ClInclude Include="..\MMOCoreORB\utils\engine3\MMOEngine\src\system\lang\StackTrace.h">
      <Filter>src\system\lang</Filter>
    </ClInclude>
    <ClInclude Include="..\MMOCoreORB\utils\engine3\MMOEngine\src\system\lang\String.h">
      <Filter>src\system\lang</Filter>
    </ClInclude>
    <ClInclude Include="..\MMOCoreORB\utils\engine3\MMOEngine\src\system\lang\StringBuffer.h">
      <Filter>src\system\lang</Filter>
    </ClInclude>
    <ClInclude Include="..\MMOCoreORB\utils\engine3\MMOEngine\src\system\lang\System.h">
      <Filter>src\system\lang</Filter>
    </ClInclude>
    <ClInclude Include="..\MMOCoreORB\utils\engine3\MMOEngine\src\system\lang\Time.h">
      <Filter>src\system\lang</Filter>
    </ClInclude>
    <ClInclude Include="..\MMOCoreORB\utils\engine3\MMOEngine\src\system\lang\types.h">
      <Filter>src\system\lang</Filter>
    </ClInclude>
    <ClInclude Include="..\MMOCoreORB\utils\engine3\MMOEngine\src\system\lang\UnicodeString.h">
      <Filter>src\system\lang</Filter>
    </ClInclude>
    <ClInclude Include="..\MMOCoreORB\utils\engine3\MMOEngine\src\system\lang\Variable.h">
      <Filter>src\system\lang</Filter>
    </ClInclude>
    <ClInclude Include="..\MMOCoreORB\utils\engine3\MMOEngine\src\system\lang\Variant.h">
      <Filter>src\system\lang</Filter>
    </ClInclude>
    <ClInclude Include="..\MMOCoreORB\utils\engine3\MMOEngine\src\system\lang\variant.hpp">
      <Filter>src\system\lang</Filter>
    </ClInclude>
    <ClInclude Include="..\MMOCoreORB\utils\engine3\MMOEngine\src\system\lang\mersenne\MersenneTwister.h">
      <Filter>src\system\lang\mersenne</Filter>
    </ClInclude>
    <ClInclude Include="..\MMOCoreORB\utils\engine3\MMOEngine\src\system\lang\ref\Reference.h">
      <Filter>src\system\lang\ref</Filter>
    </ClInclude>
    <ClInclude Include="..\MMOCoreORB\utils\engine3\MMOEngine\src\system\lang\ref\ReferenceCounter.h">
      <Filter>src\system\lang\ref</Filter>
    </ClInclude>
    <ClInclude Include="..\MMOCoreORB\utils\engine3\MMOEngine\src\system\lang\ref\StrongAndWeakReferenceCount.h">
      <Filter>src\system\lang\ref</Filter>
    </ClInclude>
    <ClInclude Include="..\MMOCoreORB\utils\engine3\MMOEngine\src\system\lang\ref\UniqueReference.h">
      <Filter>src\system\lang\ref</Filter>
    </ClInclude>
    <ClInclude Include="..\MMOCoreORB\utils\engine3\MMOEngine\src\system\lang\ref\WeakReference.h">
      <Filter>src\system\lang\ref</Filter>
    </ClInclude>
    <ClInclude Include="..\MMOCoreORB\utils\engine3\MMOEngine\src\system\io\BufferedReader.h">
      <Filter>src\system\io</Filter>
    </ClInclude>
    <ClInclude Include="..\MMOCoreORB\utils\engine3\MMOEngine\src\system\io\File.h">
      <Filter>src\system\io</Filter>
    </ClInclude>
    <ClInclude Include="..\MMOCoreORB\utils\engine3\MMOEngine\src\system\io\FileDescriptor.h">
      <Filter>src\system\io</Filter>
    </ClInclude>
    <ClInclude Include="..\MMOCoreORB\utils\engine3\MMOEngine\src\system\io\FileInputStream.h">
      <Filter>src\system\io</Filter>
    </ClInclude>
    <ClInclude Include="..\MMOCoreORB\utils\engine3\MMOEngine\src\system\io\FileLogWriter.h">
      <Filter>src\system\io</Filter>
    </ClInclude>
    <ClInclude Include="..\MMOCoreORB\utils\engine3\MMOEngine\src\system\io\FileNotFoundException.h">
      <Filter>src\system\io</Filter>
    </ClInclude>
    <ClInclude Include="..\MMOCoreORB\utils\engine3\MMOEngine\src\system\io\FileOutputStream.h">
      <Filter>src\system\io</Filter>
    </ClInclude>
    <ClInclude Include="..\MMOCoreORB\utils\engine3\MMOEngine\src\system\io\FileReader.h">
      <Filter>src\system\io</Filter>
    </ClInclude>
    <ClInclude Include="..\MMOCoreORB\utils\engine3\MMOEngine\src\system\io\FileWriter.h">
      <Filter>src\system\io</Filter>
    </ClInclude>
    <ClInclude Include="..\MMOCoreORB\utils\engine3\MMOEngine\src\system\io\InputStream.h">
      <Filter>src\system\io</Filter>
    </ClInclude>
    <ClInclude Include="..\MMOCoreORB\utils\engine3\MMOEngine\src\system\io\IOException.h">
      <Filter>src\system\io</Filter>
    </ClInclude>
    <ClInclude Include="..\MMOCoreORB\utils\engine3\MMOEngine\src\system\io\IOHandler.h">
      <Filter>src\system\io</Filter>
    </ClInclude>
    <ClInclude Include="..\MMOCoreORB\utils\engine3\MMOEngine\src\system\io\IOProcessor.h">
      <Filter>src\system\io</Filter>
    </ClInclude>
    <ClInclude Include="..\MMOCoreORB\utils\engine3\MMOEngine\src\system\io\ObjectInputStream.h">
      <Filter>src\system\io</Filter>
    </ClInclude>
    <ClInclude Include="..\MMOCoreORB\utils\engine3\MMOEngine\src\system\io\ObjectOutputStream.h">
      <Filter>src\system\io</Filter>
    </ClInclude>
    <ClInclude Include="..\MMOCoreORB\utils\engine3\MMOEngine\src\system\io\OutputStream.h">
      <Filter>src\system\io</Filter>
    </ClInclude>
    <ClInclude Include="..\MMOCoreORB\utils\engine3\MMOEngine\src\system\io\Pipe.h">
      <Filter>src\system\io</Filter>
    </ClInclude>
    <ClInclude Include="..\MMOCoreORB\utils\engine3\MMOEngine\src\system\io\Reader.h">
      <Filter>src\system\io</Filter>
    </ClInclude>
    <ClInclude Include="..\MMOCoreORB\utils\engine3\MMOEngine\src\system\io\Serializable.h">
      <Filter>src\system\io</Filter>
    </ClInclude>
    <ClInclude Include="..\MMOCoreORB\utils\engine3\MMOEngine\src\system\io\Stream.h">
      <Filter>src\system\io</Filter>
    </ClInclude>
    <ClInclude Include="..\MMOCoreORB\utils\engine3\MMOEngine\src\system\io\StreamIndexOutOfBoundsException.h">
      <Filter>src\system\io</Filter>
    </ClInclude>
    <ClInclude Include="..\MMOCoreORB\utils\engine3\MMOEngine\src\system\io\StringTokenizer.h">
      <Filter>src\system\io</Filter>
    </ClInclude>
    <ClInclude Include="..\MMOCoreORB\utils\engine3\MMOEngine\src\system\io\TextStream.h">
      <Filter>src\system\io</Filter>
    </ClInclude>
    <ClInclude Include="..\MMOCoreORB\utils\engine3\MMOEngine\src\system\io\UnicodeTokenizer.h">
      <Filter>src\system\io</Filter>
    </ClInclude>
    <ClInclude Include="..\MMOCoreORB\utils\engine3\MMOEngine\src\system\io\Writer.h">
      <Filter>src\system\io</Filter>
    </ClInclude>
    <ClInclude Include="..\MMOCoreORB\utils\engine3\MMOEngine\src\system\mm\AllocationHook.h">
      <Filter>src\system\mm</Filter>
    </ClInclude>
    <ClInclude Include="..\MMOCoreORB\utils\engine3\MMOEngine\src\system\mm\AllocationReplacement.h">
      <Filter>src\system\mm</Filter>
    </ClInclude>
    <ClInclude Include="..\MMOCoreORB\utils\engine3\MMOEngine\src\system\mm\AllocationTracker.h">
      <Filter>src\system\mm</Filter>
    </ClInclude>
    <ClInclude Include="..\MMOCoreORB\utils\engine3\MMOEngine\src\system\mm\Allocator.h">
      <Filter>src\system\mm</Filter>
    </ClInclude>
    <ClInclude Include="..\MMOCoreORB\utils\engine3\MMOEngine\src\system\mm\DLAllocator.h">
      <Filter>src\system\mm</Filter>
    </ClInclude>
    <ClInclude Include="..\MMOCoreORB\utils\engine3\MMOEngine\src\system\mm\Heap.h">
      <Filter>src\system\mm</Filter>
    </ClInclude>
    <ClInclude Include="..\MMOCoreORB\utils\engine3\MMOEngine\src\system\mm\MemoryManager.h">
      <Filter>src\system\mm</Filter>
    </ClInclude>
    <ClInclude Include="..\MMOCoreORB\utils\engine3\MMOEngine\src\system\mm\MemoryMappedFile.h">
      <Filter>src\system\mm</Filter>
    </ClInclude>
    <ClInclude Include="..\MMOCoreORB\utils\engine3\MMOEngine\src\system\mm\MultimapMemoryManager.h">
      <Filter>src\system\mm</Filter>
    </ClInclude>
    <ClInclude Include="..\MMOCoreORB\utils\engine3\MMOEngine\src\system\mm\ObjectCloner.h">
      <Filter>src\system\mm</Filter>
    </ClInclude>
    <ClInclude Include="..\MMOCoreORB\utils\engine3\MMOEngine\src\system\mm\ProcessHeap.h">
      <Filter>src\system\mm</Filter>
    </ClInclude>
    <ClInclude Include="..\MMOCoreORB\utils\engine3\MMOEngine\src\system\mm\ProtectedHeap.h">
      <Filter>src\system\mm</Filter>
    </ClInclude>
    <ClInclude Include="..\MMOCoreORB\utils\engine3\MMOEngine\src\system\mm\PTAllocator.h">
      <Filter>src\system\mm</Filter>
    </ClInclude>
    <ClInclude Include="..\MMOCoreORB\utils\engine3\MMOEngine\src\system\util\ArrayList.h">
      <Filter>src\system\util</Filter>
    </ClInclude>
    <ClInclude Include="..\MMOCoreORB\utils\engine3\MMOEngine\src\system\util\ArrayQueue.h">
      <Filter>src\system\util</Filter>
    </ClInclude>
    <ClInclude Include="..\MMOCoreORB\utils\engine3\MMOEngine\src\system\util\BinaryHeap.h">
      <Filter>src\system\util</Filter>
    </ClInclude>
    <ClInclude Include="..\MMOCoreORB\utils\engine3\MMOEngine\src\system\util\BinarySearchTree.h">
      <Filter>src\system\util</Filter>
    </ClInclude>
    <ClInclude Include="..\MMOCoreORB\utils\engine3\MMOEngine\src\system\util\HashSet.h">
      <Filter>src\system\util</Filter>
    </ClInclude>
    <ClInclude Include="..\MMOCoreORB\utils\engine3\MMOEngine\src\system\util\HashTable.h">
      <Filter>src\system\util</Filter>
    </ClInclude>
    <ClInclude Include="..\MMOCoreORB\utils\engine3\MMOEngine\src\system\util\Iterator.h">
      <Filter>src\system\util</Filter>
    </ClInclude>
    <ClInclude Include="..\MMOCoreORB\utils\engine3\MMOEngine\src\system\util\LinkedList.h">
      <Filter>src\system\util</Filter>
    </ClInclude>
    <ClInclude Include="..\MMOCoreORB\utils\engine3\MMOEngine\src\system\util\MPSCNode.h">
      <Filter>src\system\util</Filter>
    </ClInclude>
    <ClInclude Include="..\MMOCoreORB\utils\engine3\MMOEngine\src\system\util\MPSCQueue.h">
      <Filter>src\system\util</Filter>
    </ClInclude>
    <ClInclude Include="..\MMOCoreORB\utils\engine3\MMOEngine\src\system\util\Optional.h">
      <Filter>src\system\util</Filter>
    </ClInclude>
    <ClInclude Include="..\MMOCoreORB\utils\engine3\MMOEngine\src\system\util\optional.hpp">
      <Filter>src\system\util</Filter>
    </ClInclude>
    <ClInclude Include="..\MMOCoreORB\utils\engine3\MMOEngine\src\system\util\PriorityQueue.h">
      <Filter>src\system\util</Filter>
    </ClInclude>
    <ClInclude Include="..\MMOCoreORB\utils\engine3\MMOEngine\src\system\util\SortedVector.h">
      <Filter>src\system\util</Filter>
    </ClInclude>
    <ClInclude Include="..\MMOCoreORB\utils\engine3\MMOEngine\src\system\util\StaticMap.h">
      <Filter>src\system\util</Filter>
    </ClInclude>
    <ClInclude Include="..\MMOCoreORB\utils\engine3\MMOEngine\src\system\util\SynchronizedHashTable.h">
      <Filter>src\system\util</Filter>
    </ClInclude>
    <ClInclude Include="..\MMOCoreORB\utils\engine3\MMOEngine\src\system\util\SynchronizedLinkedList.h">
      <Filter>src\system\util</Filter>
    </ClInclude>
    <ClInclude Include="..\MMOCoreORB\utils\engine3\MMOEngine\src\system\util\SynchronizedSortedVector.h">
      <Filter>src\system\util</Filter>
    </ClInclude>
    <ClInclude Include="..\MMOCoreORB\utils\engine3\MMOEngine\src\system\util\SynchronizedVector.h">
      <Filter>src\system\util</Filter>
    </ClInclude>
    <ClInclude Include="..\MMOCoreORB\utils\engine3\MMOEngine\src\system\util\SynchronizedVectorMap.h">
      <Filter>src\system\util</Filter>
    </ClInclude>
    <ClInclude Include="..\MMOCoreORB\utils\engine3\MMOEngine\src\system\util\TickTimer.h">
      <Filter>src\system\util</Filter>
    </ClInclude>
    <ClInclude Include="..\MMOCoreORB\utils\engine3\MMOEngine\src\system\util\Timer.h">
      <Filter>src\system\util</Filter>
    </ClInclude>
    <ClInclude Include="..\MMOCoreORB\utils\engine3\MMOEngine\src\system\util\Vector.h">
      <Filter>src\system\util</Filter>
    </ClInclude>
    <ClInclude Include="..\MMOCoreORB\utils\engine3\MMOEngine\src\system\util\VectorMap.h">
      <Filter>src\system\util</Filter>
    </ClInclude>
    <ClInclude Include="..\MMOCoreORB\utils\engine3\MMOEngine\src\system\util\VectorSet.h">
      <Filter>src\system\util</Filter>
    </ClInclude>
    <ClInclude Include="..\MMOCoreORB\utils\engine3\MMOEngine\src\system\thread\ChildProcess.h">
      <Filter>src\system\thread</Filter>
    </ClInclude>
    <ClInclude Include="..\MMOCoreORB\utils\engine3\MMOEngine\src\system\thread\Condition.h">
      <Filter>src\system\thread</Filter>
    </ClInclude>
    <ClInclude Include="..\MMOCoreORB\utils\engine3\MMOEngine\src\system\thread\DeadlockException.h">
      <Filter>src\system\thread</Filter>
    </ClInclude>
    <ClInclude Include="..\MMOCoreORB\utils\engine3\MMOEngine\src\system\thread\Lockable.h">
      <Filter>src\system\thread</Filter>
    </ClInclude>
    <ClInclude Include="..\MMOCoreORB\utils\engine3\MMOEngine\src\system\thread\Locker.h">
      <Filter>src\system\thread</Filter>
    </ClInclude>
    <ClInclude Include="..\MMOCoreORB\utils\engine3\MMOEngine\src\system\thread\Mutex.h">
      <Filter>src\system\thread</Filter>
    </ClInclude>
    <ClInclude Include="..\MMOCoreORB\utils\engine3\MMOEngine\src\system\thread\Process.h">
      <Filter>src\system\thread</Filter>
    </ClInclude>
    <ClInclude Include="..\MMOCoreORB\utils\engine3\MMOEngine\src\system\thread\ReadLocker.h">
      <Filter>src\system\thread</Filter>
    </ClInclude>
    <ClInclude Include="..\MMOCoreORB\utils\engine3\MMOEngine\src\system\thread\ReadWriteLock.h">
      <Filter>src\system\thread</Filter>
    </ClInclude>
    <ClInclude Include="..\MMOCoreORB\utils\engine3\MMOEngine\src\system\thread\Thread.h">
      <Filter>src\system\thread</Filter>
    </ClInclude>
    <ClInclude Include="..\MMOCoreORB\utils\engine3\MMOEngine\src\system\thread\ThreadLocal.h">
      <Filter>src\system\thread</Filter>
    </ClInclude>
    <ClInclude Include="..\MMOCoreORB\utils\engine3\MMOEngine\src\system\thread\atomic\AtomicBoolean.h">
      <Filter>src\system\thread\atomic</Filter>
    </ClInclude>
    <ClInclude Include="..\MMOCoreORB\utils\engine3\MMOEngine\src\system\thread\atomic\AtomicInteger.h">
      <Filter>src\system\thread\atomic</Filter>
    </ClInclude>
    <ClInclude Include="..\MMOCoreORB\utils\engine3\MMOEngine\src\system\thread\atomic\AtomicLong.h">
      <Filter>src\system\thread\atomic</Filter>
    </ClInclude>
    <ClInclude Include="..\MMOCoreORB\utils\engine3\MMOEngine\src\system\thread\atomic\AtomicReference.h">
      <Filter>src\system\thread\atomic</Filter>
    </ClInclude>
    <ClInclude Include="..\MMOCoreORB\utils\engine3\MMOEngine\src\system\thread\atomic\AtomicTime.h">
      <Filter>src\system\thread\atomic</Filter>
    </ClInclude>
    <ClInclude Include="..\MMOCoreORB\utils\engine3\MMOEngine\src\system\net\InetAddress.h">
      <Filter>src\system\net</Filter>
    </ClInclude>
    <ClInclude Include="..\MMOCoreORB\utils\engine3\MMOEngine\src\system\net\NetworkInterface.h">
      <Filter>src\system\net</Filter>
    </ClInclude>
    <ClInclude Include="..\MMOCoreORB\utils\engine3\MMOEngine\src\system\net\Packet.h">
      <Filter>src\system\net</Filter>
    </ClInclude>
    <ClInclude Include="..\MMOCoreORB\utils\engine3\MMOEngine\src\system\net\PacketIndexOutOfBoundsException.h">
      <Filter>src\system\net</Filter>
    </ClInclude>
    <ClInclude Include="..\MMOCoreORB\utils\engine3\MMOEngine\src\system\net\Socket.h">
      <Filter>src\system\net</Filter>
    </ClInclude>
    <ClInclude Include="..\MMOCoreORB\utils\engine3\MMOEngine\src\system\net\SocketAddress.h">
      <Filter>src\system\net</Filter>
    </ClInclude>
    <ClInclude Include="..\MMOCoreORB\utils\engine3\MMOEngine\src\system\net\SocketException.h">
      <Filter>src\system\net</Filter>
    </ClInclude>
    <ClInclude Include="..\MMOCoreORB\utils\engine3\MMOEngine\src\system\net\TCPServerSocket.h">
      <Filter>src\system\net</Filter>
    </ClInclude>
    <ClInclude Include="..\MMOCoreORB\utils\engine3\MMOEngine\src\system\net\TCPSocket.h">
      <Filter>src\system\net</Filter>
    </ClInclude>
    <ClInclude Include="..\MMOCoreORB\utils\engine3\MMOEngine\src\system\net\UDPServerSocket.h">
      <Filter>src\system\net</Filter>
    </ClInclude>
    <ClInclude Include="..\MMOCoreORB\utils\engine3\MMOEngine\src\system\net\UDPSocket.h">
      <Filter>src\system\net</Filter>
    </ClInclude>
    <ClInclude Include="..\MMOCoreORB\utils\engine3\MMOEngine\src\engine\core\Core.h">
      <Filter>src\engine\core</Filter>
    </ClInclude>
    <ClInclude Include="..\MMOCoreORB\utils\engine3\MMOEngine\src\engine\core\LambdaFunction.h">
      <Filter>src\engine\core</Filter>
    </ClInclude>
    <ClInclude Include="..\MMOCoreORB\utils\engine3\MMOEngine\src\engine\core\ManagedObject.h">
      <Filter>src\engine\core</Filter>
    </ClInclude>
    <ClInclude Include="..\MMOCoreORB\utils\engine3\MMOEngine\src\engine\core\ManagedProcess.h">
      <Filter>src\engine\core</Filter>
    </ClInclude>
    <ClInclude Include="..\MMOCoreORB\utils\engine3\MMOEngine\src\engine\core\ManagedReference.h">
      <Filter>src\engine\core</Filter>
    </ClInclude>
    <ClInclude Include="..\MMOCoreORB\utils\engine3\MMOEngine\src\engine\core\ManagedService.h">
      <Filter>src\engine\core</Filter>
    </ClInclude>
    <ClInclude Include="..\MMOCoreORB\utils\engine3\MMOEngine\src\engine\core\ManagedWeakReference.h">
      <Filter>src\engine\core</Filter>
    </ClInclude>
    <ClInclude Include="..\MMOCoreORB\utils\engine3\MMOEngine\src\engine\core\MetricsManager.h">
      <Filter>src\engine\core</Filter>
    </ClInclude>
    <ClInclude Include="..\MMOCoreORB\utils\engine3\MMOEngine\src\engine\core\ObjectUpdateToDatabaseTask.h">
      <Filter>src\engine\core</Filter>
    </ClInclude>
    <ClInclude Include="..\MMOCoreORB\utils\engine3\MMOEngine\src\engine\core\RunStatistics.h">
      <Filter>src\engine\core</Filter>
    </ClInclude>
    <ClInclude Include="..\MMOCoreORB\utils\engine3\MMOEngine\src\engine\core\Task.h">
      <Filter>src\engine\core</Filter>
    </ClInclude>
    <ClInclude Include="..\MMOCoreORB\utils\engine3\MMOEngine\src\engine\core\TaskManager.h">
      <Filter>src\engine\core</Filter>
    </ClInclude>
    <ClInclude Include="..\MMOCoreORB\utils\engine3\MMOEngine\src\engine\core\TaskManagerImpl.h">
      <Filter>src\engine\core</Filter>
    </ClInclude>
    <ClInclude Include="..\MMOCoreORB\utils\engine3\MMOEngine\src\engine\core\TaskPriorityQueue.h">
      <Filter>src\engine\core</Filter>
    </ClInclude>
    <ClInclude Include="..\MMOCoreORB\utils\engine3\MMOEngine\src\engine\core\TaskQueue.h">
      <Filter>src\engine\core</Filter>
    </ClInclude>
    <ClInclude Include="..\MMOCoreORB\utils\engine3\MMOEngine\src\engine\core\TaskScheduler.h">
      <Filter>src\engine\core</Filter>
    </ClInclude>
    <ClInclude Include="..\MMOCoreORB\utils\engine3\MMOEngine\src\engine\core\TaskWorkerThread.h">
      <Filter>src\engine\core</Filter>
    </ClInclude>
    <ClInclude Include="..\MMOCoreORB\utils\engine3\MMOEngine\src\engine\core\TimedTaskQueue.h">
      <Filter>src\engine\core</Filter>
    </ClInclude>
    <ClInclude Include="..\MMOCoreORB\utils\engine3\MMOEngine\src\engine\core\util\ManagedSortedVector.h">
      <Filter>src\engine\core\util</Filter>
    </ClInclude>
    <ClInclude Include="..\MMOCoreORB\utils\engine3\MMOEngine\src\engine\core\util\ManagedVector.h">
      <Filter>src\engine\core\util</Filter>
    </ClInclude>
    <ClInclude Include="..\MMOCoreORB\utils\engine3\MMOEngine\src\engine\core\util\ManagedVectorMap.h">
      <Filter>src\engine\core\util</Filter>
    </ClInclude>
    <ClInclude Include="..\MMOCoreORB\utils\engine3\MMOEngine\src\engine\db\BinaryData.h">
      <Filter>src\engine\db</Filter>
    </ClInclude>
    <ClInclude Include="..\MMOCoreORB\utils\engine3\MMOEngine\src\engine\db\Database.h">
      <Filter>src\engine\db</Filter>
    </ClInclude>
    <ClInclude Include="..\MMOCoreORB\utils\engine3\MMOEngine\src\engine\db\DatabaseException.h">
      <Filter>src\engine\db</Filter>
    </ClInclude>
    <ClInclude Include="..\MMOCoreORB\utils\engine3\MMOEngine\src\engine\db\DatabaseManager.h">
      <Filter>src\engine\db</Filter>
    </ClInclude>
    <ClInclude Include="..\MMOCoreORB\utils\engine3\MMOEngine\src\engine\db\IndexDatabase.h">
      <Filter>src\engine\db</Filter>
    </ClInclude>
    <ClInclude Include="..\MMOCoreORB\utils\engine3\MMOEngine\src\engine\db\LocalDatabase.h">
      <Filter>src\engine\db</Filter>
    </ClInclude>
    <ClInclude Include="..\MMOCoreORB\utils\engine3\MMOEngine\src\engine\db\ObjectDatabase.h">
      <Filter>src\engine\db</Filter>
    </ClInclude>
    <ClInclude Include="..\MMOCoreORB\utils\engine3\MMOEngine\src\engine\db\ObjectDatabaseManager.h">
      <Filter>src\engine\db</Filter>
    </ClInclude>
    <ClInclude Include="..\MMOCoreORB\utils\engine3\MMOEngine\src\engine\db\ResultSet.h">
      <Filter>src\engine\db</Filter>
    </ClInclude>
    <ClInclude Include="..\MMOCoreORB\utils\engine3\MMOEngine\src\engine\db\berkeley\BerkeleyDatabase.h">
      <Filter>src\engine\db\berkeley</Filter>
    </ClInclude>
    <ClInclude Include="..\MMOCoreORB\utils\engine3\MMOEngine\src\engine\db\berkeley\BTransaction.h">
      <Filter>src\engine\db\berkeley</Filter>
    </ClInclude>
    <ClInclude Include="..\MMOCoreORB\utils\engine3\MMOEngine\src\engine\db\berkeley\CheckpointConfig.h">
      <Filter>src\engine\db\berkeley</Filter>
    </ClInclude>
    <ClInclude Include="..\MMOCoreORB\utils\engine3\MMOEngine\src\engine\db\berkeley\Cursor.h">
      <Filter>src\engine\db\berkeley</Filter>
    </ClInclude>
    <ClInclude Include="..\MMOCoreORB\utils\engine3\MMOEngine\src\engine\db\berkeley\CursorConfig.h">
      <Filter>src\engine\db\berkeley</Filter>
    </ClInclude>
    <ClInclude Include="..\MMOCoreORB\utils\engine3\MMOEngine\src\engine\db\berkeley\DatabaseConfig.h">
      <Filter>src\engine\db\berkeley</Filter>
    </ClInclude>
    <ClInclude Include="..\MMOCoreORB\utils\engine3\MMOEngine\src\engine\db\berkeley\DatabaseEntry.h">
      <Filter>src\engine\db\berkeley</Filter>
    </ClInclude>
    <ClInclude Include="..\MMOCoreORB\utils\engine3\MMOEngine\src\engine\db\berkeley\Environment.h">
      <Filter>src\engine\db\berkeley</Filter>
    </ClInclude>
    <ClInclude Include="..\MMOCoreORB\utils\engine3\MMOEngine\src\engine\db\berkeley\EnvironmentConfig.h">
      <Filter>src\engine\db\berkeley</Filter>
    </ClInclude>
    <ClInclude Include="..\MMOCoreORB\utils\engine3\MMOEngine\src\engine\db\berkeley\TransactionConfig.h">
      <Filter>src\engine\db\berkeley</Filter>
    </ClInclude>
    <ClInclude Include="..\MMOCoreORB\utils\engine3\MMOEngine\src\engine\db\mysql\MysqlDatabaseManager.h">
      <Filter>src\engine\db\mysql</Filter>
    </ClInclude>
    <ClInclude Include="..\MMOCoreORB\utils\engine3\MMOEngine\src\engine\dbo\ObjectDatabase.h">
      <Filter>src\engine\dbo</Filter>
    </ClInclude>
    <ClInclude Include="..\MMOCoreORB\utils\engine3\MMOEngine\src\engine\log\Logger.h">
      <Filter>src\engine\log</Filter>
    </ClInclude>
    <ClInclude Include="..\MMOCoreORB\utils\engine3\MMOEngine\src\engine\log\LoggerHelperStream.h">
      <Filter>src\engine\log</Filter>
    </ClInclude>
    <ClInclude Include="..\MMOCoreORB\utils\engine3\MMOEngine\src\engine\lua\Lua.h">
      <Filter>src\engine\lua</Filter>
    </ClInclude>
    <ClInclude Include="..\MMOCoreORB\utils\engine3\MMOEngine\src\engine\lua\LuaCallbackException.h">
      <Filter>src\engine\lua</Filter>
    </ClInclude>
    <ClInclude Include="..\MMOCoreORB\utils\engine3\MMOEngine\src\engine\lua\LuaFunction.h">
      <Filter>src\engine\lua</Filter>
    </ClInclude>
    <ClInclude Include="..\MMOCoreORB\utils\engine3\MMOEngine\src\engine\lua\LuaObject.h">
      <Filter>src\engine\lua</Filter>
    </ClInclude>
    <ClInclude Include="..\MMOCoreORB\utils\engine3\MMOEngine\src\engine\lua\LuaPanicException.h">
      <Filter>src\engine\lua</Filter>
    </ClInclude>
    <ClInclude Include="..\MMOCoreORB\utils\engine3\MMOEngine\src\engine\lua\Luna.h">
      <Filter>src\engine\lua</Filter>
    </ClInclude>
    <ClInclude Include="..\MMOCoreORB\utils\engine3\MMOEngine\src\engine\lua\Lunar.h">
      <Filter>src\engine\lua</Filter>
    </ClInclude>
    <ClInclude Include="..\MMOCoreORB\utils\engine3\MMOEngine\src\engine\util\bytell_hash_map.hpp">
      <Filter>src\engine\util</Filter>
    </ClInclude>
    <ClInclude Include="..\MMOCoreORB\utils\engine3\MMOEngine\src\engine\util\Command.h">
      <Filter>src\engine\util</Filter>
    </ClInclude>
    <ClInclude Include="..\MMOCoreORB\utils\engine3\MMOEngine\src\engine\util\Facade.h">
      <Filter>src\engine\util</Filter>
    </ClInclude>
    <ClInclude Include="..\MMOCoreORB\utils\engine3\MMOEngine\src\engine\util\flat_hash_map.hpp">
      <Filter>src\engine\util</Filter>
    </ClInclude>
    <ClInclude Include="..\MMOCoreORB\utils\engine3\MMOEngine\src\engine\util\json.hpp">
      <Filter>src\engine\util</Filter>
    </ClInclude>
    <ClInclude Include="..\MMOCoreORB\utils\engine3\MMOEngine\src\engine\util\json_utils.h">
      <Filter>src\engine\util</Filter>
    </ClInclude>
    <ClInclude Include="..\MMOCoreORB\utils\engine3\MMOEngine\src\engine\util\JSONSerializationType.h">
      <Filter>src\engine\util</Filter>
    </ClInclude>
    <ClInclude Include="..\MMOCoreORB\utils\engine3\MMOEngine\src\engine\util\ObjectContainer.h">
      <Filter>src\engine\util</Filter>
    </ClInclude>
    <ClInclude Include="..\MMOCoreORB\utils\engine3\MMOEngine\src\engine\util\ObjectFactory.h">
      <Filter>src\engine\util</Filter>
    </ClInclude>
    <ClInclude Include="..\MMOCoreORB\utils\engine3\MMOEngine\src\engine\util\Observable.h">
      <Filter>src\engine\util</Filter>
    </ClInclude>
    <ClInclude Include="..\MMOCoreORB\utils\engine3\MMOEngine\src\engine\util\Observer.h">
      <Filter>src\engine\util</Filter>
    </ClInclude>
    <ClInclude Include="..\MMOCoreORB\utils\engine3\MMOEngine\src\engine\util\ObserverEventMap.h">
      <Filter>src\engine\util</Filter>
    </ClInclude>
    <ClInclude Include="..\MMOCoreORB\utils\engine3\MMOEngine\src\engine\util\ResourcePool.h">
      <Filter>src\engine\util</Filter>
    </ClInclude>
    <ClInclude Include="..\MMOCoreORB\utils\engine3\MMOEngine\src\engine\util\Singleton.h">
      <Filter>src\engine\util</Filter>
    </ClInclude>
    <ClInclude Include="..\MMOCoreORB\utils\engine3\MMOEngine\src\engine\util\unordered_map.hpp">
      <Filter>src\engine\util</Filter>
    </ClInclude>
    <ClInclude Include="..\MMOCoreORB\utils\engine3\MMOEngine\src\engine\util\iffstream\exceptions.h">
      <Filter>src\engine\util\iffstream</Filter>
    </ClInclude>
    <ClInclude Include="..\MMOCoreORB\utils\engine3\MMOEngine\src\engine\util\iffstream\IffStream.h">
      <Filter>src\engine\util\iffstream</Filter>
    </ClInclude>
    <ClInclude Include="..\MMOCoreORB\utils\engine3\MMOEngine\src\engine\util\iffstream\chunks\Chunk.h">
      <Filter>src\engine\util\iffstream\chunks</Filter>
    </ClInclude>
    <ClInclude Include="..\MMOCoreORB\utils\engine3\MMOEngine\src\engine\util\iffstream\chunks\data\Data.h">
      <Filter>src\engine\util\iffstream\chunks\data</Filter>
    </ClInclude>
    <ClInclude Include="..\MMOCoreORB\utils\engine3\MMOEngine\src\engine\util\iffstream\chunks\form\Form.h">
      <Filter>src\engine\util\iffstream\chunks\form</Filter>
    </ClInclude>
    <ClInclude Include="..\MMOCoreORB\utils\engine3\MMOEngine\src\engine\util\iffstream\exceptions\IffStreamException.h">
      <Filter>src\engine\util\iffstream\exceptions</Filter>
    </ClInclude>
    <ClInclude Include="..\MMOCoreORB\utils\engine3\MMOEngine\src\engine\util\iffstream\exceptions\InvalidChunkTypeException.h">
      <Filter>src\engine\util\iffstream\exceptions</Filter>
    </ClInclude>
    <ClInclude Include="..\MMOCoreORB\utils\engine3\MMOEngine\src\engine\util\iffstream\exceptions\InvalidFileTypeException.h">
      <Filter>src\engine\util\iffstream\exceptions</Filter>
    </ClInclude>
    <ClInclude Include="..\MMOCoreORB\utils\engine3\MMOEngine\src\engine\util\iffstream\exceptions\NoChunksException.h">
      <Filter>src\engine\util\iffstream\exceptions</Filter>
    </ClInclude>
    <ClInclude Include="..\MMOCoreORB\utils\engine3\MMOEngine\src\engine\util\iffstream\exceptions\NoOpenedChunkException.h">
      <Filter>src\engine\util\iffstream\exceptions</Filter>
    </ClInclude>
    <ClInclude Include="..\MMOCoreORB\utils\engine3\MMOEngine\src\engine\util\lru\lru_cache.h">
      <Filter>src\engine\util\lru</Filter>
    </ClInclude>
    <ClInclude Include="..\MMOCoreORB\utils\engine3\MMOEngine\src\engine\util\lru\lru_cache_using_engine3.h">
      <Filter>src\engine\util\lru</Filter>
    </ClInclude>
    <ClInclude Include="..\MMOCoreORB\utils\engine3\MMOEngine\src\engine\util\lru\lru_cache_using_std.h">
      <Filter>src\engine\util\lru</Filter>
    </ClInclude>
    <ClInclude Include="..\MMOCoreORB\utils\engine3\MMOEngine\src\engine\util\lru\lru_cache_using_std_c98.h">
      <Filter>src\engine\util\lru</Filter>
    </ClInclude>
    <ClInclude Include="..\MMOCoreORB\utils\engine3\MMOEngine\src\engine\util\lru\LRUCache.h">
      <Filter>src\engine\util\lru</Filter>
    </ClInclude>
    <ClInclude Include="..\MMOCoreORB\utils\engine3\MMOEngine\src\engine\util\lru\SynchronizedLRUCache.h">
      <Filter>src\engine\util\lru</Filter>
    </ClInclude>
    <ClInclude Include="..\MMOCoreORB\utils\engine3\MMOEngine\src\engine\util\u3d\AABB.h">
      <Filter>src\engine\util\u3d</Filter>
    </ClInclude>
    <ClInclude Include="..\MMOCoreORB\utils\engine3\MMOEngine\src\engine\util\u3d\AABBNode.h">
      <Filter>src\engine\util\u3d</Filter>
    </ClInclude>
    <ClInclude Include="..\MMOCoreORB\utils\engine3\MMOEngine\src\engine\util\u3d\AABBTree.h">
      <Filter>src\engine\util\u3d</Filter>
    </ClInclude>
    <ClInclude Include="..\MMOCoreORB\utils\engine3\MMOEngine\src\engine\util\u3d\AStarAlgorithm.h">
      <Filter>src\engine\util\u3d</Filter>
    </ClInclude>
    <ClInclude Include="..\MMOCoreORB\utils\engine3\MMOEngine\src\engine\util\u3d\BasicOcTree.h">
      <Filter>src\engine\util\u3d</Filter>
    </ClInclude>
    <ClInclude Include="..\MMOCoreORB\utils\engine3\MMOEngine\src\engine\util\u3d\BasicOcTreeNode.h">
      <Filter>src\engine\util\u3d</Filter>
    </ClInclude>
    <ClInclude Include="..\MMOCoreORB\utils\engine3\MMOEngine\src\engine\util\u3d\BasicQuadTree.h">
      <Filter>src\engine\util\u3d</Filter>
    </ClInclude>
    <ClInclude Include="..\MMOCoreORB\utils\engine3\MMOEngine\src\engine\util\u3d\BasicQuadTreeNode.h">
      <Filter>src\engine\util\u3d</Filter>
    </ClInclude>
    <ClInclude Include="..\MMOCoreORB\utils\engine3\MMOEngine\src\engine\util\u3d\Coordinate.h">
      <Filter>src\engine\util\u3d</Filter>
    </ClInclude>
    <ClInclude Include="..\MMOCoreORB\utils\engine3\MMOEngine\src\engine\util\u3d\Funnel.h">
      <Filter>src\engine\util\u3d</Filter>
    </ClInclude>
    <ClInclude Include="..\MMOCoreORB\utils\engine3\MMOEngine\src\engine\util\u3d\Matrix3.h">
      <Filter>src\engine\util\u3d</Filter>
    </ClInclude>
    <ClInclude Include="..\MMOCoreORB\utils\engine3\MMOEngine\src\engine\util\u3d\Matrix4.h">
      <Filter>src\engine\util\u3d</Filter>
    </ClInclude>
    <ClInclude Include="..\MMOCoreORB\utils\engine3\MMOEngine\src\engine\util\u3d\OcTreeEntryInterface.h">
      <Filter>src\engine\util\u3d</Filter>
    </ClInclude>
    <ClInclude Include="..\MMOCoreORB\utils\engine3\MMOEngine\src\engine\util\u3d\QuadTreeEntryInterface.h">
      <Filter>src\engine\util\u3d</Filter>
    </ClInclude>
    <ClInclude Include="..\MMOCoreORB\utils\engine3\MMOEngine\src\engine\util\u3d\Quaternion.h">
      <Filter>src\engine\util\u3d</Filter>
    </ClInclude>
    <ClInclude Include="..\MMOCoreORB\utils\engine3\MMOEngine\src\engine\util\u3d\Ray.h">
      <Filter>src\engine\util\u3d</Filter>
    </ClInclude>
    <ClInclude Include="..\MMOCoreORB\utils\engine3\MMOEngine\src\engine\util\u3d\Segment.h">
      <Filter>src\engine\util\u3d</Filter>
    </ClInclude>
    <ClInclude Include="..\MMOCoreORB\utils\engine3\MMOEngine\src\engine\util\u3d\Sphere.h">
      <Filter>src\engine\util\u3d</Filter>
    </ClInclude>
    <ClInclude Include="..\MMOCoreORB\utils\engine3\MMOEngine\src\engine\util\u3d\Triangle.h">
      <Filter>src\engine\util\u3d</Filter>
    </ClInclude>
    <ClInclude Include="..\MMOCoreORB\utils\engine3\MMOEngine\src\engine\util\u3d\TriangleNode.h">
      <Filter>src\engine\util\u3d</Filter>
    </ClInclude>
    <ClInclude Include="..\MMOCoreORB\utils\engine3\MMOEngine\src\engine\util\u3d\TriangulationAStarAlgorithm.h">
      <Filter>src\engine\util\u3d</Filter>
    </ClInclude>
    <ClInclude Include="..\MMOCoreORB\utils\engine3\MMOEngine\src\engine\util\u3d\Vector3.h">
      <Filter>src\engine\util\u3d</Filter>
    </ClInclude>
    <ClInclude Include="..\MMOCoreORB\utils\engine3\MMOEngine\src\engine\util\u3d\Vector4.h">
      <Filter>src\engine\util\u3d</Filter>
    </ClInclude>
    <ClInclude Include="..\MMOCoreORB\utils\engine3\MMOEngine\src\engine\service\DatagramServiceClient.h">
      <Filter>src\engine\service</Filter>
    </ClInclude>
    <ClInclude Include="..\MMOCoreORB\utils\engine3\MMOEngine\src\engine\service\DatagramServiceClientProxy.h">
      <Filter>src\engine\service</Filter>
    </ClInclude>
    <ClInclude Include="..\MMOCoreORB\utils\engine3\MMOEngine\src\engine\service\DatagramServiceThread.h">
      <Filter>src\engine\service</Filter>
    </ClInclude>
    <ClInclude Include="..\MMOCoreORB\utils\engine3\MMOEngine\src\engine\service\Message.h">
      <Filter>src\engine\service</Filter>
    </ClInclude>
    <ClInclude Include="..\MMOCoreORB\utils\engine3\MMOEngine\src\engine\service\MessageQueue.h">
      <Filter>src\engine\service</Filter>
    </ClInclude>
    <ClInclude Include="..\MMOCoreORB\utils\engine3\MMOEngine\src\engine\service\ServiceClient.h">
      <Filter>src\engine\service</Filter>
    </ClInclude>
    <ClInclude Include="..\MMOCoreORB\utils\engine3\MMOEngine\src\engine\service\ServiceClientMap.h">
      <Filter>src\engine\service</Filter>
    </ClInclude>
    <ClInclude Include="..\MMOCoreORB\utils\engine3\MMOEngine\src\engine\service\ServiceException.h">
      <Filter>src\engine\service</Filter>
    </ClInclude>
    <ClInclude Include="..\MMOCoreORB\utils\engine3\MMOEngine\src\engine\service\ServiceFilter.h">
      <Filter>src\engine\service</Filter>
    </ClInclude>
    <ClInclude Include="..\MMOCoreORB\utils\engine3\MMOEngine\src\engine\service\ServiceHandler.h">
      <Filter>src\engine\service</Filter>
    </ClInclude>
    <ClInclude Include="..\MMOCoreORB\utils\engine3\MMOEngine\src\engine\service\ServiceMessageHandlerThread.h">
      <Filter>src\engine\service</Filter>
    </ClInclude>
    <ClInclude Include="..\MMOCoreORB\utils\engine3\MMOEngine\src\engine\service\ServiceProcessor.h">
      <Filter>src\engine\service</Filter>
    </ClInclude>
    <ClInclude Include="..\MMOCoreORB\utils\engine3\MMOEngine\src\engine\service\ServiceThread.h">
      <Filter>src\engine\service</Filter>
    </ClInclude>
    <ClInclude Include="..\MMOCoreORB\utils\engine3\MMOEngine\src\engine\service\StreamServiceClient.h">
      <Filter>src\engine\service</Filter>
    </ClInclude>
    <ClInclude Include="..\MMOCoreORB\utils\engine3\MMOEngine\src\engine\service\StreamServiceClientProxy.h">
      <Filter>src\engine\service</Filter>
    </ClInclude>
    <ClInclude Include="..\MMOCoreORB\utils\engine3\MMOEngine\src\engine\service\StreamServiceThread.h">
      <Filter>src\engine\service</Filter>
    </ClInclude>
    <ClInclude Include="..\MMOCoreORB\utils\engine3\MMOEngine\src\engine\service\SynchronizedMessageQueue.h">
      <Filter>src\engine\service</Filter>
    </ClInclude>
    <ClInclude Include="..\MMOCoreORB\utils\engine3\MMOEngine\src\engine\service\proto\AbstractProtocol.h">
      <Filter>src\engine\service\proto</Filter>
    </ClInclude>
    <ClInclude Include="..\MMOCoreORB\utils\engine3\MMOEngine\src\engine\service\proto\BaseClient.h">
      <Filter>src\engine\service\proto</Filter>
    </ClInclude>
    <ClInclude Include="..\MMOCoreORB\utils\engine3\MMOEngine\src\engine\service\proto\BaseClientProxy.h">
      <Filter>src\engine\service\proto</Filter>
    </ClInclude>
    <ClInclude Include="..\MMOCoreORB\utils\engine3\MMOEngine\src\engine\service\proto\BaseClientStats.h">
      <Filter>src\engine\service\proto</Filter>
    </ClInclude>
    <ClInclude Include="..\MMOCoreORB\utils\engine3\MMOEngine\src\engine\service\proto\BaseFragmentedPacket.h">
      <Filter>src\engine\service\proto</Filter>
    </ClInclude>
    <ClInclude Include="..\MMOCoreORB\utils\engine3\MMOEngine\src\engine\service\proto\BaseMessage.h">
      <Filter>src\engine\service\proto</Filter>
    </ClInclude>
    <ClInclude Include="..\MMOCoreORB\utils\engine3\MMOEngine\src\engine\service\proto\BaseMultiPacket.h">
      <Filter>src\engine\service\proto</Filter>
    </ClInclude>
    <ClInclude Include="..\MMOCoreORB\utils\engine3\MMOEngine\src\engine\service\proto\BasePacket.h">
      <Filter>src\engine\service\proto</Filter>
    </ClInclude>
    <ClInclude Include="..\MMOCoreORB\utils\engine3\MMOEngine\src\engine\service\proto\BasePacketHandler.h">
      <Filter>src\engine\service\proto</Filter>
    </ClInclude>
    <ClInclude Include="..\MMOCoreORB\utils\engine3\MMOEngine\src\engine\service\proto\BaseProtocol.h">
      <Filter>src\engine\service\proto</Filter>
    </ClInclude>
    <ClInclude Include="..\MMOCoreORB\utils\engine3\MMOEngine\src\engine\service\proto\PacketHandler.h">
      <Filter>src\engine\service\proto</Filter>
    </ClInclude>
    <ClInclude Include="..\MMOCoreORB\utils\engine3\MMOEngine\src\engine\service\proto\StandaloneBaseMessage.h">
      <Filter>src\engine\service\proto</Filter>
    </ClInclude>
    <ClInclude Include="..\MMOCoreORB\utils\engine3\MMOEngine\src\engine\service\proto\events\AcknowledgeTask.h">
      <Filter>src\engine\service\proto\events</Filter>
    </ClInclude>
    <ClInclude Include="..\MMOCoreORB\utils\engine3\MMOEngine\src\engine\service\proto\events\BaseClientCleanupEvent.h">
      <Filter>src\engine\service\proto\events</Filter>
    </ClInclude>
    <ClInclude Include="..\MMOCoreORB\utils\engine3\MMOEngine\src\engine\service\proto\events\BaseClientEvent.h">
      <Filter>src\engine\service\proto\events</Filter>
    </ClInclude>
    <ClInclude Include="..\MMOCoreORB\utils\engine3\MMOEngine\src\engine\service\proto\events\BaseClientHealthEvent.h">
      <Filter>src\engine\service\proto\events</Filter>
    </ClInclude>
    <ClInclude Include="..\MMOCoreORB\utils\engine3\MMOEngine\src\engine\service\proto\events\BaseClientNetStatusCheckupEvent.h">
      <Filter>src\engine\service\proto\events</Filter>
    </ClInclude>
    <ClInclude Include="..\MMOCoreORB\utils\engine3\MMOEngine\src\engine\service\proto\events\BaseClientNetStatusRequestEvent.h">
      <Filter>src\engine\service\proto\events</Filter>
    </ClInclude>
    <ClInclude Include="..\MMOCoreORB\utils\engine3\MMOEngine\src\engine\service\proto\events\BasePacketChekupEvent.h">
      <Filter>src\engine\service\proto\events</Filter>
    </ClInclude>
    <ClInclude Include="..\MMOCoreORB\utils\engine3\MMOEngine\src\engine\service\proto\events\DisconnectTask.h">
      <Filter>src\engine\service\proto\events</Filter>
    </ClInclude>
    <ClInclude Include="..\MMOCoreORB\utils\engine3\MMOEngine\src\engine\service\proto\events\NetStatusResponseTask.h">
      <Filter>src\engine\service\proto\events</Filter>
    </ClInclude>
    <ClInclude Include="..\MMOCoreORB\utils\engine3\MMOEngine\src\engine\service\proto\events\OutOfOrderTask.h">
      <Filter>src\engine\service\proto\events</Filter>
    </ClInclude>
    <ClInclude Include="..\MMOCoreORB\utils\engine3\MMOEngine\src\engine\service\proto\events\SessionResponseTask.h">
      <Filter>src\engine\service\proto\events</Filter>
    </ClInclude>
    <ClInclude Include="..\MMOCoreORB\utils\engine3\MMOEngine\src\engine\service\proto\events\SessionStartTask.h">
      <Filter>src\engine\service\proto\events</Filter>
    </ClInclude>
    <ClInclude Include="..\MMOCoreORB\utils\engine3\MMOEngine\src\engine\service\proto\packets\AcknowledgeMessage.h">
      <Filter>src\engine\service\proto\packets</Filter>
    </ClInclude>
    <ClInclude Include="..\MMOCoreORB\utils\engine3\MMOEngine\src\engine\service\proto\packets\AcknowledgeOkMessage.h">
      <Filter>src\engine\service\proto\packets</Filter>
    </ClInclude>
    <ClInclude Include="..\MMOCoreORB\utils\engine3\MMOEngine\src\engine\service\proto\packets\ConnectionServerMessage.h">
      <Filter>src\engine\service\proto\packets</Filter>
    </ClInclude>
    <ClInclude Include="..\MMOCoreORB\utils\engine3\MMOEngine\src\engine\service\proto\packets\DisconnectMessage.h">
      <Filter>src\engine\service\proto\packets</Filter>
    </ClInclude>
    <ClInclude Include="..\MMOCoreORB\utils\engine3\MMOEngine\src\engine\service\proto\packets\ErrorMessage.h">
      <Filter>src\engine\service\proto\packets</Filter>
    </ClInclude>
    <ClInclude Include="..\MMOCoreORB\utils\engine3\MMOEngine\src\engine\service\proto\packets\LoginServerMessage.h">
      <Filter>src\engine\service\proto\packets</Filter>
    </ClInclude>
    <ClInclude Include="..\MMOCoreORB\utils\engine3\MMOEngine\src\engine\service\proto\packets\NetStatusRequestMessage.h">
      <Filter>src\engine\service\proto\packets</Filter>
    </ClInclude>
    <ClInclude Include="..\MMOCoreORB\utils\engine3\MMOEngine\src\engine\service\proto\packets\NetStatusResponseMessage.h">
      <Filter>src\engine\service\proto\packets</Filter>
    </ClInclude>
    <ClInclude Include="..\MMOCoreORB\utils\engine3\MMOEngine\src\engine\service\proto\packets\OutOfOrderMessage.h">
      <Filter>src\engine\service\proto\packets</Filter>
    </ClInclude>
    <ClInclude Include="..\MMOCoreORB\utils\engine3\MMOEngine\src\engine\service\proto\packets\PingMessage.h">
      <Filter>src\engine\service\proto\packets</Filter>
    </ClInclude>
    <ClInclude Include="..\MMOCoreORB\utils\engine3\MMOEngine\src\engine\service\proto\packets\SessionIDRequestMessage.h">
      <Filter>src\engine\service\proto\packets</Filter>
    </ClInclude>
    <ClInclude Include="..\MMOCoreORB\utils\engine3\MMOEngine\src\engine\service\proto\packets\SessionIDResponseMessage.h">
      <Filter>src\engine\service\proto\packets</Filter>
    </ClInclude>
    <ClInclude Include="..\MMOCoreORB\utils\engine3\MMOEngine\src\engine\orb\DistributedObjectBroker.h">
      <Filter>src\engine\orb</Filter>
    </ClInclude>
    <ClInclude Include="..\MMOCoreORB\utils\engine3\MMOEngine\src\engine\orb\DistributionException.h">
      <Filter>src\engine\orb</Filter>
    </ClInclude>
    <ClInclude Include="..\MMOCoreORB\utils\engine3\MMOEngine\src\engine\orb\NameAlreadyBoundException.h">
      <Filter>src\engine\orb</Filter>
    </ClInclude>
    <ClInclude Include="..\MMOCoreORB\utils\engine3\MMOEngine\src\engine\orb\NamingDirectoryService.h">
      <Filter>src\engine\orb</Filter>
    </ClInclude>
    <ClInclude Include="..\MMOCoreORB\utils\engine3\MMOEngine\src\engine\orb\ObjectBroker.h">
      <Filter>src\engine\orb</Filter>
    </ClInclude>
    <ClInclude Include="..\MMOCoreORB\utils\engine3\MMOEngine\src\engine\orb\control\ControlMessage.h">
      <Filter>src\engine\orb\control</Filter>
    </ClInclude>
    <ClInclude Include="..\MMOCoreORB\utils\engine3\MMOEngine\src\engine\orb\control\ObjectBrokerAgent.h">
      <Filter>src\engine\orb\control</Filter>
    </ClInclude>
    <ClInclude Include="..\MMOCoreORB\utils\engine3\MMOEngine\src\engine\orb\control\ObjectBrokerDirector.h">
      <Filter>src\engine\orb\control</Filter>
    </ClInclude>
    <ClInclude Include="..\MMOCoreORB\utils\engine3\MMOEngine\src\engine\orb\control\ObjectBrokerTable.h">
      <Filter>src\engine\orb\control</Filter>
    </ClInclude>
    <ClInclude Include="..\MMOCoreORB\utils\engine3\MMOEngine\src\engine\orb\control\StateUpdateMessage.h">
      <Filter>src\engine\orb\control</Filter>
    </ClInclude>
    <ClInclude Include="..\MMOCoreORB\utils\engine3\MMOEngine\src\engine\orb\db\CommitMasterTransactionThread.h">
      <Filter>src\engine\orb\db</Filter>
    </ClInclude>
    <ClInclude Include="..\MMOCoreORB\utils\engine3\MMOEngine\src\engine\orb\db\DestroyFromRamObjectsTask.h">
      <Filter>src\engine\orb\db</Filter>
    </ClInclude>
    <ClInclude Include="..\MMOCoreORB\utils\engine3\MMOEngine\src\engine\orb\db\DistributedObjectDirectory.h">
      <Filter>src\engine\orb\db</Filter>
    </ClInclude>
    <ClInclude Include="..\MMOCoreORB\utils\engine3\MMOEngine\src\engine\orb\db\DistributedObjectMap.h">
      <Filter>src\engine\orb\db</Filter>
    </ClInclude>
    <ClInclude Include="..\MMOCoreORB\utils\engine3\MMOEngine\src\engine\orb\db\DOBObjectManager.h">
      <Filter>src\engine\orb\db</Filter>
    </ClInclude>
    <ClInclude Include="..\MMOCoreORB\utils\engine3\MMOEngine\src\engine\orb\db\ObjectDatabaseGarbageCollector.h">
      <Filter>src\engine\orb\db</Filter>
    </ClInclude>
    <ClInclude Include="..\MMOCoreORB\utils\engine3\MMOEngine\src\engine\orb\db\UpdateModifiedObjectsTask.h">
      <Filter>src\engine\orb\db</Filter>
    </ClInclude>
    <ClInclude Include="..\MMOCoreORB\utils\engine3\MMOEngine\src\engine\orb\db\UpdateModifiedObjectsThread.h">
      <Filter>src\engine\orb\db</Filter>
    </ClInclude>
    <ClInclude Include="..\MMOCoreORB\utils\engine3\MMOEngine\src\engine\orb\messages\DeployObjectMessage.h">
      <Filter>src\engine\orb\messages</Filter>
    </ClInclude>
    <ClInclude Include="..\MMOCoreORB\utils\engine3\MMOEngine\src\engine\orb\messages\DOBMessage.h">
      <Filter>src\engine\orb\messages</Filter>
    </ClInclude>
    <ClInclude Include="..\MMOCoreORB\utils\engine3\MMOEngine\src\engine\orb\messages\DOBMessageFactory.h">
      <Filter>src\engine\orb\messages</Filter>
    </ClInclude>
    <ClInclude Include="..\MMOCoreORB\utils\engine3\MMOEngine\src\engine\orb\messages\DOBServiceClient.h">
      <Filter>src\engine\orb\messages</Filter>
    </ClInclude>
    <ClInclude Include="..\MMOCoreORB\utils\engine3\MMOEngine\src\engine\orb\messages\DOBServiceHandler.h">
      <Filter>src\engine\orb\messages</Filter>
    </ClInclude>
    <ClInclude Include="..\MMOCoreORB\utils\engine3\MMOEngine\src\engine\orb\messages\GetNextFreeObjectIDMessage.h">
      <Filter>src\engine\orb\messages</Filter>
    </ClInclude>
    <ClInclude Include="..\MMOCoreORB\utils\engine3\MMOEngine\src\engine\orb\messages\InvokeMethodMessage.h">
      <Filter>src\engine\orb\messages</Filter>
    </ClInclude>
    <ClInclude Include="..\MMOCoreORB\utils\engine3\MMOEngine\src\engine\orb\messages\LoadPersistentObjectMessage.h">
      <Filter>src\engine\orb\messages</Filter>
    </ClInclude>
    <ClInclude Include="..\MMOCoreORB\utils\engine3\MMOEngine\src\engine\orb\messages\LookUpObjectByIDMessage.h">
      <Filter>src\engine\orb\messages</Filter>
    </ClInclude>
    <ClInclude Include="..\MMOCoreORB\utils\engine3\MMOEngine\src\engine\orb\messages\LookUpObjectMessage.h">
      <Filter>src\engine\orb\messages</Filter>
    </ClInclude>
    <ClInclude Include="..\MMOCoreORB\utils\engine3\MMOEngine\src\engine\orb\messages\RemoteObjectBroker.h">
      <Filter>src\engine\orb\messages</Filter>
    </ClInclude>
    <ClInclude Include="..\MMOCoreORB\utils\engine3\MMOEngine\src\engine\orb\messages\RequestServantMessage.h">
      <Filter>src\engine\orb\messages</Filter>
    </ClInclude>
    <ClInclude Include="..\MMOCoreORB\utils\engine3\MMOEngine\src\engine\orb\messages\SendObjectDataMessage.h">
      <Filter>src\engine\orb\messages</Filter>
    </ClInclude>
    <ClInclude Include="..\MMOCoreORB\utils\engine3\MMOEngine\src\engine\orb\messages\UndeployObjectMessage.h">
      <Filter>src\engine\orb\messages</Filter>
    </ClInclude>
    <ClInclude Include="..\MMOCoreORB\utils\engine3\MMOEngine\src\engine\orb\messages\UpdatePersistentObjectMessage.h">
      <Filter>src\engine\orb\messages</Filter>
    </ClInclude>
    <ClInclude Include="..\MMOCoreORB\utils\engine3\MMOEngine\src\engine\orb\object\DistributedMethod.h">
      <Filter>src\engine\orb\object</Filter>
    </ClInclude>
    <ClInclude Include="..\MMOCoreORB\utils\engine3\MMOEngine\src\engine\orb\object\DistributedObject.h">
      <Filter>src\engine\orb\object</Filter>
    </ClInclude>
    <ClInclude Include="..\MMOCoreORB\utils\engine3\MMOEngine\src\engine\orb\object\DistributedObjectAdapter.h">
      <Filter>src\engine\orb\object</Filter>
    </ClInclude>
    <ClInclude Include="..\MMOCoreORB\utils\engine3\MMOEngine\src\engine\orb\object\DistributedObjectClassHelper.h">
      <Filter>src\engine\orb\object</Filter>
    </ClInclude>
    <ClInclude Include="..\MMOCoreORB\utils\engine3\MMOEngine\src\engine\orb\object\DistributedObjectClassHelperMap.h">
      <Filter>src\engine\orb\object</Filter>
    </ClInclude>
    <ClInclude Include="..\MMOCoreORB\utils\engine3\MMOEngine\src\engine\orb\object\DistributedObjectPOD.h">
      <Filter>src\engine\orb\object</Filter>
    </ClInclude>
    <ClInclude Include="..\MMOCoreORB\utils\engine3\MMOEngine\src\engine\orb\object\DistributedObjectServant.h">
      <Filter>src\engine\orb\object</Filter>
    </ClInclude>
    <ClInclude Include="..\MMOCoreORB\utils\engine3\MMOEngine\src\engine\orb\object\DistributedObjectStub.h">
      <Filter>src\engine\orb\object</Filter>
    </ClInclude>
    <ClInclude Include="..\MMOCoreORB\utils\engine3\MMOEngine\src\engine\orb\object\ObjectAlreadyDeployedException.h">
      <Filter>src\engine\orb\object</Filter>
    </ClInclude>
    <ClInclude Include="..\MMOCoreORB\utils\engine3\MMOEngine\src\engine\orb\object\ObjectNotDeployedException.h">
      <Filter>src\engine\orb\object</Filter>
    </ClInclude>
    <ClInclude Include="..\MMOCoreORB\utils\engine3\MMOEngine\src\engine\orb\object\ObjectNotLocalException.h">
      <Filter>src\engine\orb\object</Filter>
    </ClInclude>
    <ClInclude Include="..\MMOCoreORB\utils\engine3\MMOEngine\src\engine\stm\Transaction.h">
      <Filter>src\engine\stm</Filter>
    </ClInclude>
    <ClInclude Include="..\MMOCoreORB\utils\engine3\MMOEngine\src\engine\stm\TransactionAbortedException.h">
      <Filter>src\engine\stm</Filter>
    </ClInclude>
    <ClInclude Include="..\MMOCoreORB\utils\engine3\MMOEngine\src\engine\stm\TransactionalMemoryManager.h">
      <Filter>src\engine\stm</Filter>
    </ClInclude>
    <ClInclude Include="..\MMOCoreORB\utils\engine3\MMOEngine\src\engine\stm\TransactionalObjectHandle.h">
      <Filter>src\engine\stm</Filter>
    </ClInclude>
    <ClInclude Include="..\MMOCoreORB\utils\engine3\MMOEngine\src\engine\stm\TransactionalObjectHeader.h">
      <Filter>src\engine\stm</Filter>
    </ClInclude>
    <ClInclude Include="..\MMOCoreORB\utils\engine3\MMOEngine\src\engine\stm\TransactionalReference.h">
      <Filter>src\engine\stm</Filter>
    </ClInclude>
    <ClInclude Include="..\MMOCoreORB\utils\engine3\MMOEngine\src\engine\stm\TransactionalWeakReference.h">
      <Filter>src\engine\stm</Filter>
    </ClInclude>
    <ClInclude Include="..\MMOCoreORB\utils\engine3\MMOEngine\src\engine\stm\algos\FraserSTM.h">
      <Filter>src\engine\stm\algos</Filter>
    </ClInclude>
    <ClInclude Include="..\MMOCoreORB\utils\engine3\MMOEngine\src\engine\stm\algos\STMAlgorithm.h">
      <Filter>src\engine\stm\algos</Filter>
    </ClInclude>
    <ClInclude Include="..\MMOCoreORB\utils\engine3\MMOEngine\src\engine\stm\mm\HazardPointer.h">
      <Filter>src\engine\stm\mm</Filter>
    </ClInclude>
    <ClInclude Include="..\MMOCoreORB\utils\engine3\MMOEngine\src\engine\stm\mm\KernelCall.h">
      <Filter>src\engine\stm\mm</Filter>
    </ClInclude>
    <ClInclude Include="..\MMOCoreORB\utils\engine3\MMOEngine\src\engine\stm\mm\TransactionalObjectCloner.h">
      <Filter>src\engine\stm\mm</Filter>
    </ClInclude>
    <ClInclude Include="..\MMOCoreORB\utils\engine3\MMOEngine\src\engine\stm\orb\LocalObjectManager.h">
      <Filter>src\engine\stm\orb</Filter>
    </ClInclude>
    <ClInclude Include="..\MMOCoreORB\utils\engine3\MMOEngine\src\engine\stm\orb\TransactionalObjectManager.h">
      <Filter>src\engine\stm\orb</Filter>
    </ClInclude>
    <ClInclude Include="..\MMOCoreORB\utils\engine3\MMOEngine\src\engine\stm\service\TransactionalBaseClientManager.h">
      <Filter>src\engine\stm\service</Filter>
    </ClInclude>
    <ClInclude Include="..\MMOCoreORB\utils\engine3\MMOEngine\src\engine\stm\service\TransactionalSocketManager.h">
      <Filter>src\engine\stm\service</Filter>
    </ClInclude>
    <ClInclude Include="..\MMOCoreORB\utils\engine3\MMOEngine\src\engine\stm\task\LocalTaskManager.h">
      <Filter>src\engine\stm\task</Filter>
    </ClInclude>
    <ClInclude Include="..\MMOCoreORB\utils\engine3\MMOEngine\src\engine\stm\task\TransactionalTaskManager.h">
      <Filter>src\engine\stm\task</Filter>
    </ClInclude>
    <ClInclude Include="..\MMOCoreORB\utils\engine3\MMOEngine\src\system\security\Crypto.h">
      <Filter>src\system\security</Filter>
    </ClInclude>
  </ItemGroup>
  <ItemGroup>
    <ClCompile Include="..\MMOCoreORB\utils\engine3\MMOEngine\src\system\io\BufferedReader.cpp">
      <Filter>src\system\io</Filter>
    </ClCompile>
    <ClCompile Include="..\MMOCoreORB\utils\engine3\MMOEngine\src\system\io\File.cpp">
      <Filter>src\system\io</Filter>
    </ClCompile>
    <ClCompile Include="..\MMOCoreORB\utils\engine3\MMOEngine\src\system\io\FileDescriptor.cpp">
      <Filter>src\system\io</Filter>
    </ClCompile>
    <ClCompile Include="..\MMOCoreORB\utils\engine3\MMOEngine\src\system\io\FileLogWriter.cpp">
      <Filter>src\system\io</Filter>
    </ClCompile>
    <ClCompile Include="..\MMOCoreORB\utils\engine3\MMOEngine\src\system\io\IOProcessor.cpp">
      <Filter>src\system\io</Filter>
    </ClCompile>
    <ClCompile Include="..\MMOCoreORB\utils\engine3\MMOEngine\src\system\io\Pipe.cpp">
      <Filter>src\system\io</Filter>
    </ClCompile>
    <ClCompile Include="..\MMOCoreORB\utils\engine3\MMOEngine\src\system\io\Serializable.cpp">
      <Filter>src\system\io</Filter>
    </ClCompile>
    <ClCompile Include="..\MMOCoreORB\utils\engine3\MMOEngine\src\system\io\Stream.cpp">
      <Filter>src\system\io</Filter>
    </ClCompile>
    <ClCompile Include="..\MMOCoreORB\utils\engine3\MMOEngine\src\system\io\StringTokenizer.cpp">
      <Filter>src\system\io</Filter>
    </ClCompile>
    <ClCompile Include="..\MMOCoreORB\utils\engine3\MMOEngine\src\system\io\TextStream.cpp">
      <Filter>src\system\io</Filter>
    </ClCompile>
    <ClCompile Include="..\MMOCoreORB\utils\engine3\MMOEngine\src\system\io\UnicodeTokenizer.cpp">
      <Filter>src\system\io</Filter>
    </ClCompile>
    <ClCompile Include="..\MMOCoreORB\utils\engine3\MMOEngine\src\system\lang\ArrayIndexOutOfBoundsException.cpp">
      <Filter>src\system\lang</Filter>
    </ClCompile>
    <ClCompile Include="..\MMOCoreORB\utils\engine3\MMOEngine\src\system\lang\ConstString.cpp">
      <Filter>src\system\lang</Filter>
    </ClCompile>
    <ClCompile Include="..\MMOCoreORB\utils\engine3\MMOEngine\src\system\lang\Exception.cpp">
      <Filter>src\system\lang</Filter>
    </ClCompile>
    <ClCompile Include="..\MMOCoreORB\utils\engine3\MMOEngine\src\system\lang\Integer.cpp">
      <Filter>src\system\lang</Filter>
    </ClCompile>
    <ClCompile Include="..\MMOCoreORB\utils\engine3\MMOEngine\src\system\lang\Math.cpp">
      <Filter>src\system\lang</Filter>
    </ClCompile>
    <ClCompile Include="..\MMOCoreORB\utils\engine3\MMOEngine\src\system\lang\Object.cpp">
      <Filter>src\system\lang</Filter>
    </ClCompile>
    <ClCompile Include="..\MMOCoreORB\utils\engine3\MMOEngine\src\system\lang\StackTrace.cpp">
      <Filter>src\system\lang</Filter>
    </ClCompile>
    <ClCompile Include="..\MMOCoreORB\utils\engine3\MMOEngine\src\system\lang\String.cpp">
      <Filter>src\system\lang</Filter>
    </ClCompile>
    <ClCompile Include="..\MMOCoreORB\utils\engine3\MMOEngine\src\system\lang\StringBuffer.cpp">
      <Filter>src\system\lang</Filter>
    </ClCompile>
    <ClCompile Include="..\MMOCoreORB\utils\engine3\MMOEngine\src\system\lang\System.cpp">
      <Filter>src\system\lang</Filter>
    </ClCompile>
    <ClCompile Include="..\MMOCoreORB\utils\engine3\MMOEngine\src\system\lang\Time.cpp">
      <Filter>src\system\lang</Filter>
    </ClCompile>
    <ClCompile Include="..\MMOCoreORB\utils\engine3\MMOEngine\src\system\lang\types.cpp">
      <Filter>src\system\lang</Filter>
    </ClCompile>
    <ClCompile Include="..\MMOCoreORB\utils\engine3\MMOEngine\src\system\lang\UnicodeString.cpp">
      <Filter>src\system\lang</Filter>
    </ClCompile>
    <ClCompile Include="..\MMOCoreORB\utils\engine3\MMOEngine\src\system\lang\mersenne\MersenneTwister.cpp">
      <Filter>src\system\lang\mersenne</Filter>
    </ClCompile>
    <ClCompile Include="..\MMOCoreORB\utils\engine3\MMOEngine\src\system\mm\AllocationHook.cpp">
      <Filter>src\system\mm</Filter>
    </ClCompile>
    <ClCompile Include="..\MMOCoreORB\utils\engine3\MMOEngine\src\system\mm\AllocationReplacement.cpp">
      <Filter>src\system\mm</Filter>
    </ClCompile>
    <ClCompile Include="..\MMOCoreORB\utils\engine3\MMOEngine\src\system\mm\AllocationTracker.cpp">
      <Filter>src\system\mm</Filter>
    </ClCompile>
    <ClCompile Include="..\MMOCoreORB\utils\engine3\MMOEngine\src\system\mm\DLAllocator.cpp">
      <Filter>src\system\mm</Filter>
    </ClCompile>
    <ClCompile Include="..\MMOCoreORB\utils\engine3\MMOEngine\src\system\mm\Heap.cpp">
      <Filter>src\system\mm</Filter>
    </ClCompile>
    <ClCompile Include="..\MMOCoreORB\utils\engine3\MMOEngine\src\system\mm\MemoryManager.cpp">
      <Filter>src\system\mm</Filter>
    </ClCompile>
    <ClCompile Include="..\MMOCoreORB\utils\engine3\MMOEngine\src\system\mm\MemoryMappedFile.cpp">
      <Filter>src\system\mm</Filter>
    </ClCompile>
    <ClCompile Include="..\MMOCoreORB\utils\engine3\MMOEngine\src\system\mm\MultimapMemoryManager.cpp">
      <Filter>src\system\mm</Filter>
    </ClCompile>
    <ClCompile Include="..\MMOCoreORB\utils\engine3\MMOEngine\src\system\mm\ProcessHeap.cpp">
      <Filter>src\system\mm</Filter>
    </ClCompile>
    <ClCompile Include="..\MMOCoreORB\utils\engine3\MMOEngine\src\system\mm\ProtectedHeap.cpp">
      <Filter>src\system\mm</Filter>
    </ClCompile>
    <ClCompile Include="..\MMOCoreORB\utils\engine3\MMOEngine\src\system\mm\PTAllocator.cpp">
      <Filter>src\system\mm</Filter>
    </ClCompile>
    <ClCompile Include="..\MMOCoreORB\utils\engine3\MMOEngine\src\system\net\SocketAddress.cpp">
      <Filter>src\system\net</Filter>
    </ClCompile>
    <ClCompile Include="..\MMOCoreORB\utils\engine3\MMOEngine\src\system\net\InetAddress.cpp">
      <Filter>src\system\net</Filter>
    </ClCompile>
    <ClCompile Include="..\MMOCoreORB\utils\engine3\MMOEngine\src\system\net\NetworkInterface.cpp">
      <Filter>src\system\net</Filter>
    </ClCompile>
    <ClCompile Include="..\MMOCoreORB\utils\engine3\MMOEngine\src\system\net\Packet.cpp">
      <Filter>src\system\net</Filter>
    </ClCompile>
    <ClCompile Include="..\MMOCoreORB\utils\engine3\MMOEngine\src\system\net\Socket.cpp">
      <Filter>src\system\net</Filter>
    </ClCompile>
    <ClCompile Include="..\MMOCoreORB\utils\engine3\MMOEngine\src\system\security\Crypto.cpp">
      <Filter>src\system\security</Filter>
    </ClCompile>
    <ClCompile Include="..\MMOCoreORB\utils\engine3\MMOEngine\src\system\thread\ChildProcess.cpp">
      <Filter>src\system\thread</Filter>
    </ClCompile>
    <ClCompile Include="..\MMOCoreORB\utils\engine3\MMOEngine\src\system\thread\Lockable.cpp">
      <Filter>src\system\thread</Filter>
    </ClCompile>
    <ClCompile Include="..\MMOCoreORB\utils\engine3\MMOEngine\src\system\thread\Mutex.cpp">
      <Filter>src\system\thread</Filter>
    </ClCompile>
    <ClCompile Include="..\MMOCoreORB\utils\engine3\MMOEngine\src\system\thread\Process.cpp">
      <Filter>src\system\thread</Filter>
    </ClCompile>
    <ClCompile Include="..\MMOCoreORB\utils\engine3\MMOEngine\src\system\thread\ReadWriteLock.cpp">
      <Filter>src\system\thread</Filter>
    </ClCompile>
    <ClCompile Include="..\MMOCoreORB\utils\engine3\MMOEngine\src\system\thread\Thread.cpp">
      <Filter>src\system\thread</Filter>
    </ClCompile>
    <ClCompile Include="..\MMOCoreORB\utils\engine3\MMOEngine\src\system\util\PriorityQueue.cpp">
      <Filter>src\system\util</Filter>
    </ClCompile>
    <ClCompile Include="..\MMOCoreORB\utils\engine3\MMOEngine\src\engine\core\Core.cpp">
      <Filter>src\engine\core</Filter>
    </ClCompile>
    <ClCompile Include="..\MMOCoreORB\utils\engine3\MMOEngine\src\engine\core\ManagedObject.cpp">
      <Filter>src\engine\core</Filter>
    </ClCompile>
    <ClCompile Include="..\MMOCoreORB\utils\engine3\MMOEngine\src\engine\core\ManagedObjectImplementation.cpp">
      <Filter>src\engine\core</Filter>
    </ClCompile>
    <ClCompile Include="..\MMOCoreORB\utils\engine3\MMOEngine\src\engine\core\ManagedProcess.cpp">
      <Filter>src\engine\core</Filter>
    </ClCompile>
    <ClCompile Include="..\MMOCoreORB\utils\engine3\MMOEngine\src\engine\core\ManagedService.cpp">
      <Filter>src\engine\core</Filter>
    </ClCompile>
    <ClCompile Include="..\MMOCoreORB\utils\engine3\MMOEngine\src\engine\core\MetricsManager.cpp">
      <Filter>src\engine\core</Filter>
    </ClCompile>
    <ClCompile Include="..\MMOCoreORB\utils\engine3\MMOEngine\src\engine\core\ObjectUpdateToDatabaseTask.cpp">
      <Filter>src\engine\core</Filter>
    </ClCompile>
    <ClCompile Include="..\MMOCoreORB\utils\engine3\MMOEngine\src\engine\core\RunStatistics.cpp">
      <Filter>src\engine\core</Filter>
    </ClCompile>
    <ClCompile Include="..\MMOCoreORB\utils\engine3\MMOEngine\src\engine\core\Task.cpp">
      <Filter>src\engine\core</Filter>
    </ClCompile>
    <ClCompile Include="..\MMOCoreORB\utils\engine3\MMOEngine\src\engine\core\TaskManagerImpl.cpp">
      <Filter>src\engine\core</Filter>
    </ClCompile>
    <ClCompile Include="..\MMOCoreORB\utils\engine3\MMOEngine\src\engine\core\TaskQueue.cpp">
      <Filter>src\engine\core</Filter>
    </ClCompile>
    <ClCompile Include="..\MMOCoreORB\utils\engine3\MMOEngine\src\engine\core\TaskScheduler.cpp">
      <Filter>src\engine\core</Filter>
    </ClCompile>
    <ClCompile Include="..\MMOCoreORB\utils\engine3\MMOEngine\src\engine\core\TaskWorkerThread.cpp">
      <Filter>src\engine\core</Filter>
    </ClCompile>
    <ClCompile Include="..\MMOCoreORB\utils\engine3\MMOEngine\src\engine\core\TimedTaskQueue.cpp">
      <Filter>src\engine\core</Filter>
    </ClCompile>
    <ClCompile Include="..\MMOCoreORB\utils\engine3\MMOEngine\src\engine\core\util\ManagedVector.cpp">
      <Filter>src\engine\core\util</Filter>
    </ClCompile>
    <ClCompile Include="..\MMOCoreORB\utils\engine3\MMOEngine\src\engine\db\BinaryData.cpp">
      <Filter>src\engine\db</Filter>
    </ClCompile>
    <ClCompile Include="..\MMOCoreORB\utils\engine3\MMOEngine\src\engine\db\DatabaseManager.cpp">
      <Filter>src\engine\db</Filter>
    </ClCompile>
    <ClCompile Include="..\MMOCoreORB\utils\engine3\MMOEngine\src\engine\db\IndexDatabase.cpp">
      <Filter>src\engine\db</Filter>
    </ClCompile>
    <ClCompile Include="..\MMOCoreORB\utils\engine3\MMOEngine\src\engine\db\LocalDatabase.cpp">
      <Filter>src\engine\db</Filter>
    </ClCompile>
    <ClCompile Include="..\MMOCoreORB\utils\engine3\MMOEngine\src\engine\db\ObjectDatabase.cpp">
      <Filter>src\engine\db</Filter>
    </ClCompile>
    <ClCompile Include="..\MMOCoreORB\utils\engine3\MMOEngine\src\engine\db\ObjectDatabaseManager.cpp">
      <Filter>src\engine\db</Filter>
    </ClCompile>
    <ClCompile Include="..\MMOCoreORB\utils\engine3\MMOEngine\src\engine\db\berkeley\BerkeleyDatabase.cpp">
      <Filter>src\engine\db\berkeley</Filter>
    </ClCompile>
    <ClCompile Include="..\MMOCoreORB\utils\engine3\MMOEngine\src\engine\db\berkeley\BTransaction.cpp">
      <Filter>src\engine\db\berkeley</Filter>
    </ClCompile>
    <ClCompile Include="..\MMOCoreORB\utils\engine3\MMOEngine\src\engine\db\berkeley\Cursor.cpp">
      <Filter>src\engine\db\berkeley</Filter>
    </ClCompile>
    <ClCompile Include="..\MMOCoreORB\utils\engine3\MMOEngine\src\engine\db\berkeley\DatabaseEntry.cpp">
      <Filter>src\engine\db\berkeley</Filter>
    </ClCompile>
    <ClCompile Include="..\MMOCoreORB\utils\engine3\MMOEngine\src\engine\db\berkeley\Environment.cpp">
      <Filter>src\engine\db\berkeley</Filter>
    </ClCompile>
    <ClCompile Include="..\MMOCoreORB\utils\engine3\MMOEngine\src\engine\db\mysql\MysqlDatabaseManager.cpp">
      <Filter>src\engine\db\mysql</Filter>
    </ClCompile>
    <ClCompile Include="..\MMOCoreORB\utils\engine3\MMOEngine\src\engine\log\Logger.cpp">
      <Filter>src\engine\log</Filter>
    </ClCompile>
    <ClCompile Include="..\MMOCoreORB\utils\engine3\MMOEngine\src\engine\lua\Lua.cpp">
      <Filter>src\engine\lua</Filter>
    </ClCompile>
    <ClCompile Include="..\MMOCoreORB\utils\engine3\MMOEngine\src\engine\lua\LuaFunction.cpp">
      <Filter>src\engine\lua</Filter>
    </ClCompile>
    <ClCompile Include="..\MMOCoreORB\utils\engine3\MMOEngine\src\engine\lua\LuaObject.cpp">
      <Filter>src\engine\lua</Filter>
    </ClCompile>
    <ClCompile Include="..\MMOCoreORB\utils\engine3\MMOEngine\src\engine\orb\DistributedObjectBroker.cpp">
      <Filter>src\engine\orb</Filter>
    </ClCompile>
    <ClCompile Include="..\MMOCoreORB\utils\engine3\MMOEngine\src\engine\orb\NamingDirectoryService.cpp">
      <Filter>src\engine\orb</Filter>
    </ClCompile>
    <ClCompile Include="..\MMOCoreORB\utils\engine3\MMOEngine\src\engine\orb\control\ObjectBrokerAgent.cpp">
      <Filter>src\engine\orb\control</Filter>
    </ClCompile>
    <ClCompile Include="..\MMOCoreORB\utils\engine3\MMOEngine\src\engine\orb\control\ObjectBrokerDirector.cpp">
      <Filter>src\engine\orb\control</Filter>
    </ClCompile>
    <ClCompile Include="..\MMOCoreORB\utils\engine3\MMOEngine\src\engine\orb\db\CommitMasterTransactionThread.cpp">
      <Filter>src\engine\orb\db</Filter>
    </ClCompile>
    <ClCompile Include="..\MMOCoreORB\utils\engine3\MMOEngine\src\engine\orb\db\DistributedObjectDirectory.cpp">
      <Filter>src\engine\orb\db</Filter>
    </ClCompile>
    <ClCompile Include="..\MMOCoreORB\utils\engine3\MMOEngine\src\engine\orb\db\DOBObjectManager.cpp">
      <Filter>src\engine\orb\db</Filter>
    </ClCompile>
    <ClCompile Include="..\MMOCoreORB\utils\engine3\MMOEngine\src\engine\orb\db\ObjectDatabaseGarbageCollector.cpp">
      <Filter>src\engine\orb\db</Filter>
    </ClCompile>
    <ClCompile Include="..\MMOCoreORB\utils\engine3\MMOEngine\src\engine\orb\db\UpdateModifiedObjectsThread.cpp">
      <Filter>src\engine\orb\db</Filter>
    </ClCompile>
    <ClCompile Include="..\MMOCoreORB\utils\engine3\MMOEngine\src\engine\orb\messages\DeployObjectMessage.cpp">
      <Filter>src\engine\orb\messages</Filter>
    </ClCompile>
    <ClCompile Include="..\MMOCoreORB\utils\engine3\MMOEngine\src\engine\orb\messages\DOBMessage.cpp">
      <Filter>src\engine\orb\messages</Filter>
    </ClCompile>
    <ClCompile Include="..\MMOCoreORB\utils\engine3\MMOEngine\src\engine\orb\messages\DOBMessageFactory.cpp">
      <Filter>src\engine\orb\messages</Filter>
    </ClCompile>
    <ClCompile Include="..\MMOCoreORB\utils\engine3\MMOEngine\src\engine\orb\messages\DOBServiceClient.cpp">
      <Filter>src\engine\orb\messages</Filter>
    </ClCompile>
    <ClCompile Include="..\MMOCoreORB\utils\engine3\MMOEngine\src\engine\orb\messages\DOBServiceHandler.cpp">
      <Filter>src\engine\orb\messages</Filter>
    </ClCompile>
    <ClCompile Include="..\MMOCoreORB\utils\engine3\MMOEngine\src\engine\orb\messages\GetNextFreeObjectIDMessage.cpp">
      <Filter>src\engine\orb\messages</Filter>
    </ClCompile>
    <ClCompile Include="..\MMOCoreORB\utils\engine3\MMOEngine\src\engine\orb\messages\InvokeMethodMessage.cpp">
      <Filter>src\engine\orb\messages</Filter>
    </ClCompile>
    <ClCompile Include="..\MMOCoreORB\utils\engine3\MMOEngine\src\engine\orb\messages\RemoteObjectBroker.cpp">
      <Filter>src\engine\orb\messages</Filter>
    </ClCompile>
    <ClCompile Include="..\MMOCoreORB\utils\engine3\MMOEngine\src\engine\orb\messages\RequestServantMessage.cpp">
      <Filter>src\engine\orb\messages</Filter>
    </ClCompile>
    <ClCompile Include="..\MMOCoreORB\utils\engine3\MMOEngine\src\engine\orb\messages\SendObjectDataMessage.cpp">
      <Filter>src\engine\orb\messages</Filter>
    </ClCompile>
    <ClCompile Include="..\MMOCoreORB\utils\engine3\MMOEngine\src\engine\orb\object\DistributedMethod.cpp">
      <Filter>src\engine\orb\object</Filter>
    </ClCompile>
    <ClCompile Include="..\MMOCoreORB\utils\engine3\MMOEngine\src\engine\orb\object\DistributedObject.cpp">
      <Filter>src\engine\orb\object</Filter>
    </ClCompile>
    <ClCompile Include="..\MMOCoreORB\utils\engine3\MMOEngine\src\engine\orb\object\DistributedObjectServant.cpp">
      <Filter>src\engine\orb\object</Filter>
    </ClCompile>
    <ClCompile Include="..\MMOCoreORB\utils\engine3\MMOEngine\src\engine\orb\object\DistributedObjectStub.cpp">
      <Filter>src\engine\orb\object</Filter>
    </ClCompile>
    <ClCompile Include="..\MMOCoreORB\utils\engine3\MMOEngine\src\engine\service\DatagramServiceClient.cpp">
      <Filter>src\engine\service</Filter>
    </ClCompile>
    <ClCompile Include="..\MMOCoreORB\utils\engine3\MMOEngine\src\engine\service\DatagramServiceClientProxy.cpp">
      <Filter>src\engine\service</Filter>
    </ClCompile>
    <ClCompile Include="..\MMOCoreORB\utils\engine3\MMOEngine\src\engine\service\DatagramServiceThread.cpp">
      <Filter>src\engine\service</Filter>
    </ClCompile>
    <ClCompile Include="..\MMOCoreORB\utils\engine3\MMOEngine\src\engine\service\MessageQueue.cpp">
      <Filter>src\engine\service</Filter>
    </ClCompile>
    <ClCompile Include="..\MMOCoreORB\utils\engine3\MMOEngine\src\engine\service\ServiceClient.cpp">
      <Filter>src\engine\service</Filter>
    </ClCompile>
    <ClCompile Include="..\MMOCoreORB\utils\engine3\MMOEngine\src\engine\service\ServiceMessageHandlerThread.cpp">
      <Filter>src\engine\service</Filter>
    </ClCompile>
    <ClCompile Include="..\MMOCoreORB\utils\engine3\MMOEngine\src\engine\service\ServiceThread.cpp">
      <Filter>src\engine\service</Filter>
    </ClCompile>
    <ClCompile Include="..\MMOCoreORB\utils\engine3\MMOEngine\src\engine\service\StreamServiceClient.cpp">
      <Filter>src\engine\service</Filter>
    </ClCompile>
    <ClCompile Include="..\MMOCoreORB\utils\engine3\MMOEngine\src\engine\service\StreamServiceThread.cpp">
      <Filter>src\engine\service</Filter>
    </ClCompile>
    <ClCompile Include="..\MMOCoreORB\utils\engine3\MMOEngine\src\engine\service\SynchronizedMessageQueue.cpp">
      <Filter>src\engine\service</Filter>
    </ClCompile>
    <ClCompile Include="..\MMOCoreORB\utils\engine3\MMOEngine\src\engine\service\proto\BaseClient.cpp">
      <Filter>src\engine\service\proto</Filter>
    </ClCompile>
    <ClCompile Include="..\MMOCoreORB\utils\engine3\MMOEngine\src\engine\service\proto\BaseClientProxy.cpp">
      <Filter>src\engine\service\proto</Filter>
    </ClCompile>
    <ClCompile Include="..\MMOCoreORB\utils\engine3\MMOEngine\src\engine\service\proto\BaseFragmentedPacket.cpp">
      <Filter>src\engine\service\proto</Filter>
    </ClCompile>
    <ClCompile Include="..\MMOCoreORB\utils\engine3\MMOEngine\src\engine\service\proto\BaseMultiPacket.cpp">
      <Filter>src\engine\service\proto</Filter>
    </ClCompile>
    <ClCompile Include="..\MMOCoreORB\utils\engine3\MMOEngine\src\engine\service\proto\BasePacket.cpp">
      <Filter>src\engine\service\proto</Filter>
    </ClCompile>
    <ClCompile Include="..\MMOCoreORB\utils\engine3\MMOEngine\src\engine\service\proto\BasePacketHandler.cpp">
      <Filter>src\engine\service\proto</Filter>
    </ClCompile>
    <ClCompile Include="..\MMOCoreORB\utils\engine3\MMOEngine\src\engine\service\proto\BaseProtocol.cpp">
      <Filter>src\engine\service\proto</Filter>
    </ClCompile>
    <ClCompile Include="..\MMOCoreORB\utils\engine3\MMOEngine\src\engine\service\proto\events\BasePacketChekupEvent.cpp">
      <Filter>src\engine\service\proto\events</Filter>
    </ClCompile>
    <ClCompile Include="..\MMOCoreORB\utils\engine3\MMOEngine\src\engine\stm\Transaction.cpp">
      <Filter>src\engine\stm</Filter>
    </ClCompile>
    <ClCompile Include="..\MMOCoreORB\utils\engine3\MMOEngine\src\engine\stm\TransactionalMemoryManager.cpp">
      <Filter>src\engine\stm</Filter>
    </ClCompile>
    <ClCompile Include="..\MMOCoreORB\utils\engine3\MMOEngine\src\engine\stm\algos\FraserSTM.cpp">
      <Filter>src\engine\stm\algos</Filter>
    </ClCompile>
    <ClCompile Include="..\MMOCoreORB\utils\engine3\MMOEngine\src\engine\stm\mm\KernelCall.cpp">
      <Filter>src\engine\stm\mm</Filter>
    </ClCompile>
    <ClCompile Include="..\MMOCoreORB\utils\engine3\MMOEngine\src\engine\stm\orb\LocalObjectManager.cpp">
      <Filter>src\engine\stm\orb</Filter>
    </ClCompile>
    <ClCompile Include="..\MMOCoreORB\utils\engine3\MMOEngine\src\engine\stm\orb\TransactionalObjectManager.cpp">
      <Filter>src\engine\stm\orb</Filter>
    </ClCompile>
    <ClCompile Include="..\MMOCoreORB\utils\engine3\MMOEngine\src\engine\stm\service\TransactionalBaseClientManager.cpp">
      <Filter>src\engine\stm\service</Filter>
    </ClCompile>
    <ClCompile Include="..\MMOCoreORB\utils\engine3\MMOEngine\src\engine\stm\service\TransactionalSocketManager.cpp">
      <Filter>src\engine\stm\service</Filter>
    </ClCompile>
    <ClCompile Include="..\MMOCoreORB\utils\engine3\MMOEngine\src\engine\stm\task\LocalTaskManager.cpp">
      <Filter>src\engine\stm\task</Filter>
    </ClCompile>
    <ClCompile Include="..\MMOCoreORB\utils\engine3\MMOEngine\src\engine\stm\task\TransactionalTaskManager.cpp">
      <Filter>src\engine\stm\task</Filter>
    </ClCompile>
    <ClCompile Include="..\MMOCoreORB\utils\engine3\MMOEngine\src\engine\util\Facade.cpp">
      <Filter>src\engine\util</Filter>
    </ClCompile>
    <ClCompile Include="..\MMOCoreORB\utils\engine3\MMOEngine\src\engine\util\json_utils.cpp">
      <Filter>src\engine\util</Filter>
    </ClCompile>
    <ClCompile Include="..\MMOCoreORB\utils\engine3\MMOEngine\src\engine\util\Observable.cpp">
      <Filter>src\engine\util</Filter>
    </ClCompile>
    <ClCompile Include="..\MMOCoreORB\utils\engine3\MMOEngine\src\engine\util\Observer.cpp">
      <Filter>src\engine\util</Filter>
    </ClCompile>
    <ClCompile Include="..\MMOCoreORB\utils\engine3\MMOEngine\src\engine\util\ObserverEventMap.cpp">
      <Filter>src\engine\util</Filter>
    </ClCompile>
    <ClCompile Include="..\MMOCoreORB\utils\engine3\MMOEngine\src\engine\util\ObserverImplementation.cpp">
      <Filter>src\engine\util</Filter>
    </ClCompile>
    <ClCompile Include="..\MMOCoreORB\utils\engine3\MMOEngine\src\engine\util\iffstream\IffStream.cpp">
      <Filter>src\engine\util\iffstream</Filter>
    </ClCompile>
    <ClCompile Include="..\MMOCoreORB\utils\engine3\MMOEngine\src\engine\util\iffstream\chunks\Chunk.cpp">
      <Filter>src\engine\util\iffstream\chunks</Filter>
    </ClCompile>
    <ClCompile Include="..\MMOCoreORB\utils\engine3\MMOEngine\src\engine\util\iffstream\chunks\form\Form.cpp">
      <Filter>src\engine\util\iffstream\chunks\form</Filter>
    </ClCompile>
    <ClCompile Include="..\MMOCoreORB\utils\engine3\MMOEngine\src\engine\util\u3d\AABBTree.cpp">
      <Filter>src\engine\util\u3d</Filter>
    </ClCompile>
    <ClCompile Include="..\MMOCoreORB\utils\engine3\MMOEngine\src\engine\util\u3d\BasicOcTree.cpp">
      <Filter>src\engine\util\u3d</Filter>
    </ClCompile>
    <ClCompile Include="..\MMOCoreORB\utils\engine3\MMOEngine\src\engine\util\u3d\BasicQuadTree.cpp">
      <Filter>src\engine\util\u3d</Filter>
    </ClCompile>
    <ClCompile Include="..\MMOCoreORB\utils\engine3\MMOEngine\src\engine\util\u3d\Funnel.cpp">
      <Filter>src\engine\util\u3d</Filter>
    </ClCompile>
    <ClCompile Include="..\MMOCoreORB\utils\engine3\MMOEngine\src\engine\util\u3d\Matrix4.cpp">
      <Filter>src\engine\util\u3d</Filter>
    </ClCompile>
    <ClCompile Include="..\MMOCoreORB\utils\engine3\MMOEngine\src\engine\util\u3d\Segment.cpp">
      <Filter>src\engine\util\u3d</Filter>
    </ClCompile>
    <ClCompile Include="..\MMOCoreORB\utils\engine3\MMOEngine\src\engine\util\u3d\Sphere.cpp">
      <Filter>src\engine\util\u3d</Filter>
    </ClCompile>
    <ClCompile Include="..\MMOCoreORB\utils\engine3\MMOEngine\src\engine\util\u3d\Triangle.cpp">
      <Filter>src\engine\util\u3d</Filter>
    </ClCompile>
    <ClCompile Include="..\MMOCoreORB\utils\engine3\MMOEngine\src\engine\util\u3d\TriangulationAStarAlgorithm.cpp">
      <Filter>src\engine\util\u3d</Filter>
    </ClCompile>
  </ItemGroup>
</Project>